version = 1
revision = 3
requires-python = ">=3.14"

[[package]]
name = "blinker"
version = "1.9.0"
source = { registry = "https://pypi.org/simple" }
sdist = { url = "https://files.pythonhosted.org/packages/21/28/9b3f50ce0e048515135495f198351908d99540d69bfdc8c1d15b73dc55ce/blinker-1.9.0.tar.gz", hash = "sha256:b4ce2265a7abece45e7cc896e98dbebe6cead56bcf805a3d23136d145f5445bf", size = 22460, upload-time = "2024-11-08T17:25:47.436Z" }
wheels = [
    { url = "https://files.pythonhosted.org/packages/10/cb/f2ad4230dc2eb1a74edf38f1a38b9b52277f75bef262d8908e60d957e13c/blinker-1.9.0-py3-none-any.whl", hash = "sha256:ba0efaa9080b619ff2f3459d1d500c57bddea4a6b424b60a91141db6fd2f08bc", size = 8458, upload-time = "2024-11-08T17:25:46.184Z" },
]

[[package]]
name = "cachelib"
version = "0.13.0"
source = { registry = "https://pypi.org/simple" }
sdist = { url = "https://files.pythonhosted.org/packages/1d/69/0b5c1259e12fbcf5c2abe5934b5c0c1294ec0f845e2b4b2a51a91d79a4fb/cachelib-0.13.0.tar.gz", hash = "sha256:209d8996e3c57595bee274ff97116d1d73c4980b2fd9a34c7846cd07fd2e1a48", size = 34418, upload-time = "2024-04-13T14:18:27.782Z" }
wheels = [
    { url = "https://files.pythonhosted.org/packages/9b/42/960fc9896ddeb301716fdd554bab7941c35fb90a1dc7260b77df3366f87f/cachelib-0.13.0-py3-none-any.whl", hash = "sha256:8c8019e53b6302967d4e8329a504acf75e7bc46130291d30188a6e4e58162516", size = 20914, upload-time = "2024-04-13T14:18:26.361Z" },
]

[[package]]
name = "click"
version = "8.3.3"
source = { registry = "https://pypi.org/simple" }
dependencies = [
    { name = "colorama", marker = "sys_platform == 'win32'" },
]
sdist = { url = "https://files.pythonhosted.org/packages/bb/63/f9e1ea081ce35720d8b92acde70daaedace594dc93b693c869e0d5910718/click-8.3.3.tar.gz", hash = "sha256:398329ad4837b2ff7cbe1dd166a4c0f8900c3ca3a218de04466f38f6497f18a2", size = 328061, upload-time = "2026-04-22T15:11:27.506Z" }
wheels = [
    { url = "https://files.pythonhosted.org/packages/ae/44/c1221527f6a71a01ec6fbad7fa78f1d50dfa02217385cf0fa3eec7087d59/click-8.3.3-py3-none-any.whl", hash = "sha256:a2bf429bb3033c89fa4936ffb35d5cb471e3719e1f3c8a7c3fff0b8314305613", size = 110502, upload-time = "2026-04-22T15:11:25.044Z" },
]

[[package]]
name = "colorama"
version = "0.4.6"
source = { registry = "https://pypi.org/simple" }
sdist = { url = "https://files.pythonhosted.org/packages/d8/53/6f443c9a4a8358a93a6792e2acffb9d9d5cb0a5cfd8802644b7b1c9a02e4/colorama-0.4.6.tar.gz", hash = "sha256:08695f5cb7ed6e0531a20572697297273c47b8cae5a63ffc6d6ed5c201be6e44", size = 27697, upload-time = "2022-10-25T02:36:22.414Z" }
wheels = [
    { url = "https://files.pythonhosted.org/packages/d1/d6/3965ed04c63042e047cb6a3e6ed1a63a35087b6a609aa3a15ed8ac56c221/colorama-0.4.6-py2.py3-none-any.whl", hash = "sha256:4f1d9991f5acc0ca119f9d443620b77f9d6b33703e51011c16baf57afb285fc6", size = 25335, upload-time = "2022-10-25T02:36:20.889Z" },
]

[[package]]
name = "flask"
version = "3.1.3"
source = { registry = "https://pypi.org/simple" }
dependencies = [
    { name = "blinker" },
    { name = "click" },
    { name = "itsdangerous" },
    { name = "jinja2" },
    { name = "markupsafe" },
    { name = "werkzeug" },
]
sdist = { url = "https://files.pythonhosted.org/packages/26/00/35d85dcce6c57fdc871f3867d465d780f302a175ea360f62533f12b27e2b/flask-3.1.3.tar.gz", hash = "sha256:0ef0e52b8a9cd932855379197dd8f94047b359ca0a78695144304cb45f87c9eb", size = 759004, upload-time = "2026-02-19T05:00:57.678Z" }
wheels = [
    { url = "https://files.pythonhosted.org/packages/7f/9c/34f6962f9b9e9c71f6e5ed806e0d0ff03c9d1b0b2340088a0cf4bce09b18/flask-3.1.3-py3-none-any.whl", hash = "sha256:f4bcbefc124291925f1a26446da31a5178f9483862233b23c0c96a20701f670c", size = 103424, upload-time = "2026-02-19T05:00:56.027Z" },
]

[[package]]
name = "flask-caching"
version = "2.4.0"
source = { registry = "https://pypi.org/simple" }
dependencies = [
    { name = "cachelib" },
    { name = "flask" },
]
sdist = { url = "https://files.pythonhosted.org/packages/42/53/5c46b6a80adc13ed9179879a93cfc2c1f190c64c48ba732b4f5819df520e/flask_caching-2.4.0.tar.gz", hash = "sha256:a7f14e43617cd0612a57bec2f80516d6d2ec888bfc50a807b1e4e41ca345a3b5", size = 153673, upload-time = "2026-04-17T20:27:24.318Z" }
wheels = [
    { url = "https://files.pythonhosted.org/packages/00/7c/acd8624c1295bcf10c0b67d0e5191b570081b181bc0e8aa5a5a8ab89ca0d/flask_caching-2.4.0-py3-none-any.whl", hash = "sha256:d15b8135f055c4f28f6f7dbcf8d36a3de4af1224def975ae6e0b43cbfa684486", size = 28727, upload-time = "2026-04-17T20:27:22.763Z" },
]

[[package]]
name = "flask-minify"
version = "0.50"
source = { registry = "https://pypi.org/simple" }
dependencies = [
    { name = "flask" },
    { name = "htmlminf" },
    { name = "jsmin" },
    { name = "lesscpy" },
    { name = "rcssmin" },
    { name = "six" },
    { name = "xxhash" },
]
sdist = { url = "https://files.pythonhosted.org/packages/2d/e9/c4f799758e7e0e2eb0e50e1d56b7d082e3f278fffb8813e70cd792fab8e2/flask_minify-0.50.tar.gz", hash = "sha256:c1fd3e82cb41ed7507d3756008b74d1e56d5c9ddf81983a1a4d70874ffaeaa6d", size = 10644, upload-time = "2025-03-29T06:22:48.139Z" }
wheels = [
    { url = "https://files.pythonhosted.org/packages/54/db/dec3f8c08c6e4850933b1d3c3c21fa0321fb6660c2155e0abce81de20acb/Flask_Minify-0.50-py3-none-any.whl", hash = "sha256:682d7555ff961fdb0ce43cc2ed2a755df5c1306e74cd3a0ecc80ba9ebfb7e7b4", size = 12093, upload-time = "2025-03-29T06:22:46.58Z" },
]

[[package]]
name = "gunicorn"
version = "23.0.0"
source = { registry = "https://pypi.org/simple" }
dependencies = [
    { name = "packaging" },
]
sdist = { url = "https://files.pythonhosted.org/packages/34/72/9614c465dc206155d93eff0ca20d42e1e35afc533971379482de953521a4/gunicorn-23.0.0.tar.gz", hash = "sha256:f014447a0101dc57e294f6c18ca6b40227a4c90e9bdb586042628030cba004ec", size = 375031, upload-time = "2024-08-10T20:25:27.378Z" }
wheels = [
    { url = "https://files.pythonhosted.org/packages/cb/7d/6dac2a6e1eba33ee43f318edbed4ff29151a49b5d37f080aad1e6469bca4/gunicorn-23.0.0-py3-none-any.whl", hash = "sha256:ec400d38950de4dfd418cff8328b2c8faed0edb0d517d3394e457c317908ca4d", size = 85029, upload-time = "2024-08-10T20:25:24.996Z" },
]

[[package]]
name = "htmlminf"
version = "0.1.13"
source = { registry = "https://pypi.org/simple" }
sdist = { url = "https://files.pythonhosted.org/packages/1a/d8/f33d390160cd81977cfeba51eacd7ed624ae4c539fa6d5d4162c3479113d/htmlminf-0.1.13.tar.gz", hash = "sha256:371ee3caf1174b1af387925f3ac999cb7e63d203fdaea299119345e41561c5b2", size = 19437, upload-time = "2024-06-07T21:21:37.432Z" }
wheels = [
    { url = "https://files.pythonhosted.org/packages/ea/92/1915606b5eaabc13f00f00c55fc46c6a708b22e6a871db3fbbc787d8f203/htmlminf-0.1.13-py3-none-any.whl", hash = "sha256:a4948d0a9084e0846dce3c841a671616399eaa7427a4ed40a4622321837f4d59", size = 34515, upload-time = "2024-06-07T21:21:35.974Z" },
]

[[package]]
name = "itsdangerous"
version = "2.2.0"
source = { registry = "https://pypi.org/simple" }
sdist = { url = "https://files.pythonhosted.org/packages/9c/cb/8ac0172223afbccb63986cc25049b154ecfb5e85932587206f42317be31d/itsdangerous-2.2.0.tar.gz", hash = "sha256:e0050c0b7da1eea53ffaf149c0cfbb5c6e2e2b69c4bef22c81fa6eb73e5f6173", size = 54410, upload-time = "2024-04-16T21:28:15.614Z" }
wheels = [
    { url = "https://files.pythonhosted.org/packages/04/96/92447566d16df59b2a776c0fb82dbc4d9e07cd95062562af01e408583fc4/itsdangerous-2.2.0-py3-none-any.whl", hash = "sha256:c6242fc49e35958c8b15141343aa660db5fc54d4f13a1db01a3f5891b98700ef", size = 16234, upload-time = "2024-04-16T21:28:14.499Z" },
]

[[package]]
name = "jinja2"
version = "3.1.6"
source = { registry = "https://pypi.org/simple" }
dependencies = [
    { name = "markupsafe" },
]
sdist = { url = "https://files.pythonhosted.org/packages/df/bf/f7da0350254c0ed7c72f3e33cef02e048281fec7ecec5f032d4aac52226b/jinja2-3.1.6.tar.gz", hash = "sha256:0137fb05990d35f1275a587e9aee6d56da821fc83491a0fb838183be43f66d6d", size = 245115, upload-time = "2025-03-05T20:05:02.478Z" }
wheels = [
    { url = "https://files.pythonhosted.org/packages/62/a1/3d680cbfd5f4b8f15abc1d571870c5fc3e594bb582bc3b64ea099db13e56/jinja2-3.1.6-py3-none-any.whl", hash = "sha256:85ece4451f492d0c13c5dd7c13a64681a86afae63a5f347908daf103ce6d2f67", size = 134899, upload-time = "2025-03-05T20:05:00.369Z" },
]

[[package]]
name = "jsmin"
version = "3.0.1"
source = { registry = "https://pypi.org/simple" }
sdist = { url = "https://files.pythonhosted.org/packages/5e/73/e01e4c5e11ad0494f4407a3f623ad4d87714909f50b17a06ed121034ff6e/jsmin-3.0.1.tar.gz", hash = "sha256:c0959a121ef94542e807a674142606f7e90214a2b3d1eb17300244bbb5cc2bfc", size = 13925, upload-time = "2022-01-16T20:35:59.13Z" }

[[package]]
name = "lesscpy"
version = "0.15.1"
source = { registry = "https://pypi.org/simple" }
dependencies = [
    { name = "ply" },
]
sdist = { url = "https://files.pythonhosted.org/packages/9f/e4/a0aad58ca8e755a8192c975163847a1b712a7a6130b087248be24c07a316/lesscpy-0.15.1.tar.gz", hash = "sha256:1045d17a98f688646ca758dff254e6e9c03745648e051a081b0395c3b77c824c", size = 177240, upload-time = "2022-10-21T11:39:14.247Z" }
wheels = [
    { url = "https://files.pythonhosted.org/packages/2a/da/4a20ba69c9c71ce3d522da5a3c617254d1d1430b71f52b7d46dbf2c06b96/lesscpy-0.15.1-py2.py3-none-any.whl", hash = "sha256:8d26e58ed4812b345c2896daea435a28cb3182f87ae3391157085255d4c37dff", size = 46702, upload-time = "2022-10-21T11:36:56.742Z" },
]

[[package]]
name = "markupsafe"
version = "3.0.3"
source = { registry = "https://pypi.org/simple" }
sdist = { url = "https://files.pythonhosted.org/packages/7e/99/7690b6d4034fffd95959cbe0c02de8deb3098cc577c67bb6a24fe5d7caa7/markupsafe-3.0.3.tar.gz", hash = "sha256:722695808f4b6457b320fdc131280796bdceb04ab50fe1795cd540799ebe1698", size = 80313, upload-time = "2025-09-27T18:37:40.426Z" }
wheels = [
    { url = "https://files.pythonhosted.org/packages/33/8a/8e42d4838cd89b7dde187011e97fe6c3af66d8c044997d2183fbd6d31352/markupsafe-3.0.3-cp314-cp314-macosx_10_13_x86_64.whl", hash = "sha256:eaa9599de571d72e2daf60164784109f19978b327a3910d3e9de8c97b5b70cfe", size = 11619, upload-time = "2025-09-27T18:37:06.342Z" },
    { url = "https://files.pythonhosted.org/packages/b5/64/7660f8a4a8e53c924d0fa05dc3a55c9cee10bbd82b11c5afb27d44b096ce/markupsafe-3.0.3-cp314-cp314-macosx_11_0_arm64.whl", hash = "sha256:c47a551199eb8eb2121d4f0f15ae0f923d31350ab9280078d1e5f12b249e0026", size = 12029, upload-time = "2025-09-27T18:37:07.213Z" },
    { url = "https://files.pythonhosted.org/packages/da/ef/e648bfd021127bef5fa12e1720ffed0c6cbb8310c8d9bea7266337ff06de/markupsafe-3.0.3-cp314-cp314-manylinux2014_aarch64.manylinux_2_17_aarch64.manylinux_2_28_aarch64.whl", hash = "sha256:f34c41761022dd093b4b6896d4810782ffbabe30f2d443ff5f083e0cbbb8c737", size = 24408, upload-time = "2025-09-27T18:37:09.572Z" },
    { url = "https://files.pythonhosted.org/packages/41/3c/a36c2450754618e62008bf7435ccb0f88053e07592e6028a34776213d877/markupsafe-3.0.3-cp314-cp314-manylinux2014_x86_64.manylinux_2_17_x86_64.manylinux_2_28_x86_64.whl", hash = "sha256:457a69a9577064c05a97c41f4e65148652db078a3a509039e64d3467b9e7ef97", size = 23005, upload-time = "2025-09-27T18:37:10.58Z" },
    { url = "https://files.pythonhosted.org/packages/bc/20/b7fdf89a8456b099837cd1dc21974632a02a999ec9bf7ca3e490aacd98e7/markupsafe-3.0.3-cp314-cp314-manylinux_2_31_riscv64.manylinux_2_39_riscv64.whl", hash = "sha256:e8afc3f2ccfa24215f8cb28dcf43f0113ac3c37c2f0f0806d8c70e4228c5cf4d", size = 22048, upload-time = "2025-09-27T18:37:11.547Z" },
    { url = "https://files.pythonhosted.org/packages/9a/a7/591f592afdc734f47db08a75793a55d7fbcc6902a723ae4cfbab61010cc5/markupsafe-3.0.3-cp314-cp314-musllinux_1_2_aarch64.whl", hash = "sha256:ec15a59cf5af7be74194f7ab02d0f59a62bdcf1a537677ce67a2537c9b87fcda", size = 23821, upload-time = "2025-09-27T18:37:12.48Z" },
    { url = "https://files.pythonhosted.org/packages/7d/33/45b24e4f44195b26521bc6f1a82197118f74df348556594bd2262bda1038/markupsafe-3.0.3-cp314-cp314-musllinux_1_2_riscv64.whl", hash = "sha256:0eb9ff8191e8498cca014656ae6b8d61f39da5f95b488805da4bb029cccbfbaf", size = 21606, upload-time = "2025-09-27T18:37:13.485Z" },
    { url = "https://files.pythonhosted.org/packages/ff/0e/53dfaca23a69fbfbbf17a4b64072090e70717344c52eaaaa9c5ddff1e5f0/markupsafe-3.0.3-cp314-cp314-musllinux_1_2_x86_64.whl", hash = "sha256:2713baf880df847f2bece4230d4d094280f4e67b1e813eec43b4c0e144a34ffe", size = 23043, upload-time = "2025-09-27T18:37:14.408Z" },
    { url = "https://files.pythonhosted.org/packages/46/11/f333a06fc16236d5238bfe74daccbca41459dcd8d1fa952e8fbd5dccfb70/markupsafe-3.0.3-cp314-cp314-win32.whl", hash = "sha256:729586769a26dbceff69f7a7dbbf59ab6572b99d94576a5592625d5b411576b9", size = 14747, upload-time = "2025-09-27T18:37:15.36Z" },
    { url = "https://files.pythonhosted.org/packages/28/52/182836104b33b444e400b14f797212f720cbc9ed6ba34c800639d154e821/markupsafe-3.0.3-cp314-cp314-win_amd64.whl", hash = "sha256:bdc919ead48f234740ad807933cdf545180bfbe9342c2bb451556db2ed958581", size = 15341, upload-time = "2025-09-27T18:37:16.496Z" },
    { url = "https://files.pythonhosted.org/packages/6f/18/acf23e91bd94fd7b3031558b1f013adfa21a8e407a3fdb32745538730382/markupsafe-3.0.3-cp314-cp314-win_arm64.whl", hash = "sha256:5a7d5dc5140555cf21a6fefbdbf8723f06fcd2f63ef108f2854de715e4422cb4", size = 14073, upload-time = "2025-09-27T18:37:17.476Z" },
    { url = "https://files.pythonhosted.org/packages/3c/f0/57689aa4076e1b43b15fdfa646b04653969d50cf30c32a102762be2485da/markupsafe-3.0.3-cp314-cp314t-macosx_10_13_x86_64.whl", hash = "sha256:1353ef0c1b138e1907ae78e2f6c63ff67501122006b0f9abad68fda5f4ffc6ab", size = 11661, upload-time = "2025-09-27T18:37:18.453Z" },
    { url = "https://files.pythonhosted.org/packages/89/c3/2e67a7ca217c6912985ec766c6393b636fb0c2344443ff9d91404dc4c79f/markupsafe-3.0.3-cp314-cp314t-macosx_11_0_arm64.whl", hash = "sha256:1085e7fbddd3be5f89cc898938f42c0b3c711fdcb37d75221de2666af647c175", size = 12069, upload-time = "2025-09-27T18:37:19.332Z" },
    { url = "https://files.pythonhosted.org/packages/f0/00/be561dce4e6ca66b15276e184ce4b8aec61fe83662cce2f7d72bd3249d28/markupsafe-3.0.3-cp314-cp314t-manylinux2014_aarch64.manylinux_2_17_aarch64.manylinux_2_28_aarch64.whl", hash = "sha256:1b52b4fb9df4eb9ae465f8d0c228a00624de2334f216f178a995ccdcf82c4634", size = 25670, upload-time = "2025-09-27T18:37:20.245Z" },
    { url = "https://files.pythonhosted.org/packages/50/09/c419f6f5a92e5fadde27efd190eca90f05e1261b10dbd8cbcb39cd8ea1dc/markupsafe-3.0.3-cp314-cp314t-manylinux2014_x86_64.manylinux_2_17_x86_64.manylinux_2_28_x86_64.whl", hash = "sha256:fed51ac40f757d41b7c48425901843666a6677e3e8eb0abcff09e4ba6e664f50", size = 23598, upload-time = "2025-09-27T18:37:21.177Z" },
    { url = "https://files.pythonhosted.org/packages/22/44/a0681611106e0b2921b3033fc19bc53323e0b50bc70cffdd19f7d679bb66/markupsafe-3.0.3-cp314-cp314t-manylinux_2_31_riscv64.manylinux_2_39_riscv64.whl", hash = "sha256:f190daf01f13c72eac4efd5c430a8de82489d9cff23c364c3ea822545032993e", size = 23261, upload-time = "2025-09-27T18:37:22.167Z" },
    { url = "https://files.pythonhosted.org/packages/5f/57/1b0b3f100259dc9fffe780cfb60d4be71375510e435efec3d116b6436d43/markupsafe-3.0.3-cp314-cp314t-musllinux_1_2_aarch64.whl", hash = "sha256:e56b7d45a839a697b5eb268c82a71bd8c7f6c94d6fd50c3d577fa39a9f1409f5", size = 24835, upload-time = "2025-09-27T18:37:23.296Z" },
    { url = "https://files.pythonhosted.org/packages/26/6a/4bf6d0c97c4920f1597cc14dd720705eca0bf7c787aebc6bb4d1bead5388/markupsafe-3.0.3-cp314-cp314t-musllinux_1_2_riscv64.whl", hash = "sha256:f3e98bb3798ead92273dc0e5fd0f31ade220f59a266ffd8a4f6065e0a3ce0523", size = 22733, upload-time = "2025-09-27T18:37:24.237Z" },
    { url = "https://files.pythonhosted.org/packages/14/c7/ca723101509b518797fedc2fdf79ba57f886b4aca8a7d31857ba3ee8281f/markupsafe-3.0.3-cp314-cp314t-musllinux_1_2_x86_64.whl", hash = "sha256:5678211cb9333a6468fb8d8be0305520aa073f50d17f089b5b4b477ea6e67fdc", size = 23672, upload-time = "2025-09-27T18:37:25.271Z" },
    { url = "https://files.pythonhosted.org/packages/fb/df/5bd7a48c256faecd1d36edc13133e51397e41b73bb77e1a69deab746ebac/markupsafe-3.0.3-cp314-cp314t-win32.whl", hash = "sha256:915c04ba3851909ce68ccc2b8e2cd691618c4dc4c4232fb7982bca3f41fd8c3d", size = 14819, upload-time = "2025-09-27T18:37:26.285Z" },
    { url = "https://files.pythonhosted.org/packages/1a/8a/0402ba61a2f16038b48b39bccca271134be00c5c9f0f623208399333c448/markupsafe-3.0.3-cp314-cp314t-win_amd64.whl", hash = "sha256:4faffd047e07c38848ce017e8725090413cd80cbc23d86e55c587bf979e579c9", size = 15426, upload-time = "2025-09-27T18:37:27.316Z" },
    { url = "https://files.pythonhosted.org/packages/70/bc/6f1c2f612465f5fa89b95bead1f44dcb607670fd42891d8fdcd5d039f4f4/markupsafe-3.0.3-cp314-cp314t-win_arm64.whl", hash = "sha256:32001d6a8fc98c8cb5c947787c5d08b0a50663d139f1305bac5885d98d9b40fa", size = 14146, upload-time = "2025-09-27T18:37:28.327Z" },
]

[[package]]
name = "packaging"
version = "26.2"
source = { registry = "https://pypi.org/simple" }
sdist = { url = "https://files.pythonhosted.org/packages/d7/f1/e7a6dd94a8d4a5626c03e4e99c87f241ba9e350cd9e6d75123f992427270/packaging-26.2.tar.gz", hash = "sha256:ff452ff5a3e828ce110190feff1178bb1f2ea2281fa2075aadb987c2fb221661", size = 228134, upload-time = "2026-04-24T20:15:23.917Z" }
wheels = [
    { url = "https://files.pythonhosted.org/packages/df/b2/87e62e8c3e2f4b32e5fe99e0b86d576da1312593b39f47d8ceef365e95ed/packaging-26.2-py3-none-any.whl", hash = "sha256:5fc45236b9446107ff2415ce77c807cee2862cb6fac22b8a73826d0693b0980e", size = 100195, upload-time = "2026-04-24T20:15:22.081Z" },
]

[[package]]
name = "ply"
version = "3.11"
source = { registry = "https://pypi.org/simple" }
sdist = { url = "https://files.pythonhosted.org/packages/e5/69/882ee5c9d017149285cab114ebeab373308ef0f874fcdac9beb90e0ac4da/ply-3.11.tar.gz", hash = "sha256:00c7c1aaa88358b9c765b6d3000c6eec0ba42abca5351b095321aef446081da3", size = 159130, upload-time = "2018-02-15T19:01:31.097Z" }
wheels = [
    { url = "https://files.pythonhosted.org/packages/a3/58/35da89ee790598a0700ea49b2a66594140f44dec458c07e8e3d4979137fc/ply-3.11-py2.py3-none-any.whl", hash = "sha256:096f9b8350b65ebd2fd1346b12452efe5b9607f7482813ffca50c22722a807ce", size = 49567, upload-time = "2018-02-15T19:01:27.172Z" },
]

[[package]]
name = "portfolio-site"
version = "0.10.4"
source = { virtual = "." }
dependencies = [
    { name = "flask" },
    { name = "flask-caching" },
    { name = "flask-minify" },
    { name = "gunicorn" },
    { name = "pyyaml" },
    { name = "werkzeug" },
]

[package.metadata]
requires-dist = [
    { name = "flask", specifier = ">=3.1.1,<4.0.0" },
    { name = "flask-caching", specifier = ">=2.3.1,<3.0.0" },
    { name = "flask-minify", specifier = ">=0.50,<1.0.0" },
    { name = "gunicorn", specifier = ">=23.0.0,<24.0.0" },
    { name = "pyyaml", specifier = ">=6.0.2,<7.0.0" },
    { name = "werkzeug", specifier = ">=3.1.5,<4.0.0" },
]

[[package]]
name = "pyyaml"
version = "6.0.3"
source = { registry = "https://pypi.org/simple" }
sdist = { url = "https://files.pythonhosted.org/packages/05/8e/961c0007c59b8dd7729d542c61a4d537767a59645b82a0b521206e1e25c2/pyyaml-6.0.3.tar.gz", hash = "sha256:d76623373421df22fb4cf8817020cbb7ef15c725b9d5e45f17e189bfc384190f", size = 130960, upload-time = "2025-09-25T21:33:16.546Z" }
wheels = [
    { url = "https://files.pythonhosted.org/packages/9d/8c/f4bd7f6465179953d3ac9bc44ac1a8a3e6122cf8ada906b4f96c60172d43/pyyaml-6.0.3-cp314-cp314-macosx_10_13_x86_64.whl", hash = "sha256:8d1fab6bb153a416f9aeb4b8763bc0f22a5586065f86f7664fc23339fc1c1fac", size = 181814, upload-time = "2025-09-25T21:32:35.712Z" },
    { url = "https://files.pythonhosted.org/packages/bd/9c/4d95bb87eb2063d20db7b60faa3840c1b18025517ae857371c4dd55a6b3a/pyyaml-6.0.3-cp314-cp314-macosx_11_0_arm64.whl", hash = "sha256:34d5fcd24b8445fadc33f9cf348c1047101756fd760b4dacb5c3e99755703310", size = 173809, upload-time = "2025-09-25T21:32:36.789Z" },
    { url = "https://files.pythonhosted.org/packages/92/b5/47e807c2623074914e29dabd16cbbdd4bf5e9b2db9f8090fa64411fc5382/pyyaml-6.0.3-cp314-cp314-manylinux2014_aarch64.manylinux_2_17_aarch64.manylinux_2_28_aarch64.whl", hash = "sha256:501a031947e3a9025ed4405a168e6ef5ae3126c59f90ce0cd6f2bfc477be31b7", size = 766454, upload-time = "2025-09-25T21:32:37.966Z" },
    { url = "https://files.pythonhosted.org/packages/02/9e/e5e9b168be58564121efb3de6859c452fccde0ab093d8438905899a3a483/pyyaml-6.0.3-cp314-cp314-manylinux2014_s390x.manylinux_2_17_s390x.manylinux_2_28_s390x.whl", hash = "sha256:b3bc83488de33889877a0f2543ade9f70c67d66d9ebb4ac959502e12de895788", size = 836355, upload-time = "2025-09-25T21:32:39.178Z" },
    { url = "https://files.pythonhosted.org/packages/88/f9/16491d7ed2a919954993e48aa941b200f38040928474c9e85ea9e64222c3/pyyaml-6.0.3-cp314-cp314-manylinux2014_x86_64.manylinux_2_17_x86_64.manylinux_2_28_x86_64.whl", hash = "sha256:c458b6d084f9b935061bc36216e8a69a7e293a2f1e68bf956dcd9e6cbcd143f5", size = 794175, upload-time = "2025-09-25T21:32:40.865Z" },
    { url = "https://files.pythonhosted.org/packages/dd/3f/5989debef34dc6397317802b527dbbafb2b4760878a53d4166579111411e/pyyaml-6.0.3-cp314-cp314-musllinux_1_2_aarch64.whl", hash = "sha256:7c6610def4f163542a622a73fb39f534f8c101d690126992300bf3207eab9764", size = 755228, upload-time = "2025-09-25T21:32:42.084Z" },
    { url = "https://files.pythonhosted.org/packages/d7/ce/af88a49043cd2e265be63d083fc75b27b6ed062f5f9fd6cdc223ad62f03e/pyyaml-6.0.3-cp314-cp314-musllinux_1_2_x86_64.whl", hash = "sha256:5190d403f121660ce8d1d2c1bb2ef1bd05b5f68533fc5c2ea899bd15f4399b35", size = 789194, upload-time = "2025-09-25T21:32:43.362Z" },
    { url = "https://files.pythonhosted.org/packages/23/20/bb6982b26a40bb43951265ba29d4c246ef0ff59c9fdcdf0ed04e0687de4d/pyyaml-6.0.3-cp314-cp314-win_amd64.whl", hash = "sha256:4a2e8cebe2ff6ab7d1050ecd59c25d4c8bd7e6f400f5f82b96557ac0abafd0ac", size = 156429, upload-time = "2025-09-25T21:32:57.844Z" },
    { url = "https://files.pythonhosted.org/packages/f4/f4/a4541072bb9422c8a883ab55255f918fa378ecf083f5b85e87fc2b4eda1b/pyyaml-6.0.3-cp314-cp314-win_arm64.whl", hash = "sha256:93dda82c9c22deb0a405ea4dc5f2d0cda384168e466364dec6255b293923b2f3", size = 143912, upload-time = "2025-09-25T21:32:59.247Z" },
    { url = "https://files.pythonhosted.org/packages/7c/f9/07dd09ae774e4616edf6cda684ee78f97777bdd15847253637a6f052a62f/pyyaml-6.0.3-cp314-cp314t-macosx_10_13_x86_64.whl", hash = "sha256:02893d100e99e03eda1c8fd5c441d8c60103fd175728e23e431db1b589cf5ab3", size = 189108, upload-time = "2025-09-25T21:32:44.377Z" },
    { url = "https://files.pythonhosted.org/packages/4e/78/8d08c9fb7ce09ad8c38ad533c1191cf27f7ae1effe5bb9400a46d9437fcf/pyyaml-6.0.3-cp314-cp314t-macosx_11_0_arm64.whl", hash = "sha256:c1ff362665ae507275af2853520967820d9124984e0f7466736aea23d8611fba", size = 183641, upload-time = "2025-09-25T21:32:45.407Z" },
    { url = "https://files.pythonhosted.org/packages/7b/5b/3babb19104a46945cf816d047db2788bcaf8c94527a805610b0289a01c6b/pyyaml-6.0.3-cp314-cp314t-manylinux2014_aarch64.manylinux_2_17_aarch64.manylinux_2_28_aarch64.whl", hash = "sha256:6adc77889b628398debc7b65c073bcb99c4a0237b248cacaf3fe8a557563ef6c", size = 831901, upload-time = "2025-09-25T21:32:48.83Z" },
    { url = "https://files.pythonhosted.org/packages/8b/cc/dff0684d8dc44da4d22a13f35f073d558c268780ce3c6ba1b87055bb0b87/pyyaml-6.0.3-cp314-cp314t-manylinux2014_s390x.manylinux_2_17_s390x.manylinux_2_28_s390x.whl", hash = "sha256:a80cb027f6b349846a3bf6d73b5e95e782175e52f22108cfa17876aaeff93702", size = 861132, upload-time = "2025-09-25T21:32:50.149Z" },
    { url = "https://files.pythonhosted.org/packages/b1/5e/f77dc6b9036943e285ba76b49e118d9ea929885becb0a29ba8a7c75e29fe/pyyaml-6.0.3-cp314-cp314t-manylinux2014_x86_64.manylinux_2_17_x86_64.manylinux_2_28_x86_64.whl", hash = "sha256:00c4bdeba853cc34e7dd471f16b4114f4162dc03e6b7afcc2128711f0eca823c", size = 839261, upload-time = "2025-09-25T21:32:51.808Z" },
    { url = "https://files.pythonhosted.org/packages/ce/88/a9db1376aa2a228197c58b37302f284b5617f56a5d959fd1763fb1675ce6/pyyaml-6.0.3-cp314-cp314t-musllinux_1_2_aarch64.whl", hash = "sha256:66e1674c3ef6f541c35191caae2d429b967b99e02040f5ba928632d9a7f0f065", size = 805272, upload-time = "2025-09-25T21:32:52.941Z" },
    { url = "https://files.pythonhosted.org/packages/da/92/1446574745d74df0c92e6aa4a7b0b3130706a4142b2d1a5869f2eaa423c6/pyyaml-6.0.3-cp314-cp314t-musllinux_1_2_x86_64.whl", hash = "sha256:16249ee61e95f858e83976573de0f5b2893b3677ba71c9dd36b9cf8be9ac6d65", size = 829923, upload-time = "2025-09-25T21:32:54.537Z" },
    { url = "https://files.pythonhosted.org/packages/f0/7a/1c7270340330e575b92f397352af856a8c06f230aa3e76f86b39d01b416a/pyyaml-6.0.3-cp314-cp314t-win_amd64.whl", hash = "sha256:4ad1906908f2f5ae4e5a8ddfce73c320c2a1429ec52eafd27138b7f1cbe341c9", size = 174062, upload-time = "2025-09-25T21:32:55.767Z" },
    { url = "https://files.pythonhosted.org/packages/f1/12/de94a39c2ef588c7e6455cfbe7343d3b2dc9d6b6b2f40c4c6565744c873d/pyyaml-6.0.3-cp314-cp314t-win_arm64.whl", hash = "sha256:ebc55a14a21cb14062aa4162f906cd962b28e2e9ea38f9b4391244cd8de4ae0b", size = 149341, upload-time = "2025-09-25T21:32:56.828Z" },
]

[[package]]
name = "rcssmin"
version = "1.2.2"
source = { registry = "https://pypi.org/simple" }
sdist = { url = "https://files.pythonhosted.org/packages/81/af/c9654b4f9b054ec163ed7cb20d8db0e5ae05e2e9ce99a4c11d91a2180b3f/rcssmin-1.2.2.tar.gz", hash = "sha256:806986eaf7414545edc28a1d29523e9560e49e151ff4a337d9d1f0271d6e1cc4", size = 587012, upload-time = "2025-10-12T10:48:08.932Z" }
wheels = [
    { url = "https://files.pythonhosted.org/packages/a0/40/9c4cb3133f6d4ddfbeada76988a10ff2a974706fd6fcbb97edd8c0f4cc76/rcssmin-1.2.2-cp314-cp314-manylinux1_i686.whl", hash = "sha256:540dd3aa586b5f8f4c4b90db37e6a31c04718cdf90dbe9bec43c3b4dd50519e7", size = 49032, upload-time = "2025-10-12T10:48:53.014Z" },
    { url = "https://files.pythonhosted.org/packages/07/84/a411a48fd4179a88c68a2ad3649b408fa7887a421d3435c10ae6f5724e3a/rcssmin-1.2.2-cp314-cp314-manylinux1_x86_64.whl", hash = "sha256:6ea38a38eec263858b70bed6715478dcfed7fbc5d63333a8c512631ee22baad9", size = 49497, upload-time = "2025-10-12T10:48:54.009Z" },
    { url = "https://files.pythonhosted.org/packages/a1/32/5663a71a9304e0c9f33b765264508229d026359cfff746e1d0a593d809ea/rcssmin-1.2.2-cp314-cp314-manylinux2014_aarch64.whl", hash = "sha256:07dc7d352e8eb08de82fc4c545dd04f9f487466c8370051e0bee4eb1e4dc85d0", size = 50382, upload-time = "2025-10-12T10:48:55.079Z" },
    { url = "https://files.pythonhosted.org/packages/d7/28/e411eb191ffff7bd712f2eb0f691cb7ca514b1876d6bff2f5ae61359b8db/rcssmin-1.2.2-cp314-cp314-musllinux_1_2_aarch64.whl", hash = "sha256:cdccb0e08281f0dd5d463c16ec61a06bd1534de50206dc72918be3c10dcb82e5", size = 50962, upload-time = "2025-10-12T10:48:56.494Z" },
    { url = "https://files.pythonhosted.org/packages/fb/3f/cdb99526d294c5dd4b919dc4ef492b7bd11e08b585d15ec641dfb9423493/rcssmin-1.2.2-cp314-cp314-musllinux_1_2_i686.whl", hash = "sha256:2b6d5e2e2fd65738d57ef65aaaed2cff2288eccff7f704bf3d579e6f451cb60a", size = 52504, upload-time = "2025-10-12T10:48:57.886Z" },
    { url = "https://files.pythonhosted.org/packages/e8/60/a8183401fa64e93e1d52b2cdf275a2c11e0993f5f3162c573a67872b535d/rcssmin-1.2.2-cp314-cp314-musllinux_1_2_x86_64.whl", hash = "sha256:7018d4197713c7797d1a67ed47ab53d4706c2e9ed134123c30a47d389dda5386", size = 50561, upload-time = "2025-10-12T10:48:58.935Z" },
    { url = "https://files.pythonhosted.org/packages/47/5e/496d6c9c309e2fe79e6a69f25f7a6d18f545edb4ea3584f461b9f84b0d60/rcssmin-1.2.2-cp314-cp314t-manylinux1_i686.whl", hash = "sha256:0162c32ce946978edc834d4fba705ac5f9422d7f556f3264cc4fc67c7ee39171", size = 51214, upload-time = "2025-10-12T10:49:00.021Z" },
    { url = "https://files.pythonhosted.org/packages/5e/78/87da6706d5856ceee71421ba831d2f5d93c3e6865acfbb56ace8d54587cc/rcssmin-1.2.2-cp314-cp314t-manylinux1_x86_64.whl", hash = "sha256:f17dc92553a46412c49f972f0ab31088032b9482a9c421bc2d39691a5d8842aa", size = 51608, upload-time = "2025-10-12T10:49:01.422Z" },
    { url = "https://files.pythonhosted.org/packages/cd/6c/204b0262c11ac2da2b8df2d8fed76f1959273fbc8376450d0ac022d754b7/rcssmin-1.2.2-cp314-cp314t-manylinux2014_aarch64.whl", hash = "sha256:40c7dfba098bbd129d8c35dd8b604275585f9dc0496e5d17dbe7fd6b873b0233", size = 53349, upload-time = "2025-10-12T10:49:02.512Z" },
    { url = "https://files.pythonhosted.org/packages/c3/7b/9aae16756d3f33cbc512760ba3e69c3856a51aa293e463f2ca97760d1b1b/rcssmin-1.2.2-cp314-cp314t-musllinux_1_2_aarch64.whl", hash = "sha256:d0197fab78ebbe33f5df9caf2572ef2d44bbe243a9130881a0c5c53ba03641fa", size = 53066, upload-time = "2025-10-12T10:49:03.589Z" },
    { url = "https://files.pythonhosted.org/packages/4e/18/b06fadfa9b85e486bb1571050217cb539c062d1ae4cd32b1a31c36f67fd4/rcssmin-1.2.2-cp314-cp314t-musllinux_1_2_i686.whl", hash = "sha256:19e53c58768369366fdaef00da59f275f724f229994ea885309df6ca368ff3c8", size = 54271, upload-time = "2025-10-12T10:49:04.735Z" },
    { url = "https://files.pythonhosted.org/packages/79/55/f29ce21f8e5a1f3c19d43b67b907268d227b7edcda2ca200ca0028734a5e/rcssmin-1.2.2-cp314-cp314t-musllinux_1_2_x86_64.whl", hash = "sha256:8d3de1a870e00d157f3a7b1797498fdc09a3774629079572350f75783bb94b9a", size = 52423, upload-time = "2025-10-12T10:49:06.04Z" },
]

[[package]]
name = "six"
version = "1.17.0"
source = { registry = "https://pypi.org/simple" }
sdist = { url = "https://files.pythonhosted.org/packages/94/e7/b2c673351809dca68a0e064b6af791aa332cf192da575fd474ed7d6f16a2/six-1.17.0.tar.gz", hash = "sha256:ff70335d468e7eb6ec65b95b99d3a2836546063f63acc5171de367e834932a81", size = 34031, upload-time = "2024-12-04T17:35:28.174Z" }
wheels = [
    { url = "https://files.pythonhosted.org/packages/b7/ce/149a00dd41f10bc29e5921b496af8b574d8413afcd5e30dfa0ed46c2cc5e/six-1.17.0-py2.py3-none-any.whl", hash = "sha256:4721f391ed90541fddacab5acf947aa0d3dc7d27b2e1e8eda2be8970586c3274", size = 11050, upload-time = "2024-12-04T17:35:26.475Z" },
]

[[package]]
name = "werkzeug"
version = "3.1.8"
source = { registry = "https://pypi.org/simple" }
dependencies = [
    { name = "markupsafe" },
]
sdist = { url = "https://files.pythonhosted.org/packages/dd/b2/381be8cfdee792dd117872481b6e378f85c957dd7c5bca38897b08f765fd/werkzeug-3.1.8.tar.gz", hash = "sha256:9bad61a4268dac112f1c5cd4630a56ede601b6ed420300677a869083d70a4c44", size = 875852, upload-time = "2026-04-02T18:49:14.268Z" }
wheels = [
    { url = "https://files.pythonhosted.org/packages/93/8c/2e650f2afeb7ee576912636c23ddb621c91ac6a98e66dc8d29c3c69446e1/werkzeug-3.1.8-py3-none-any.whl", hash = "sha256:63a77fb8892bf28ebc3178683445222aa500e48ebad5ec77b0ad80f8726b1f50", size = 226459, upload-time = "2026-04-02T18:49:12.72Z" },
]

[[package]]
name = "xxhash"
version = "3.7.0"
source = { registry = "https://pypi.org/simple" }
sdist = { url = "https://files.pythonhosted.org/packages/24/2f/e183a1b407002f5af81822bee18b61cdb94b8670208ef34734d8d2b8ebe9/xxhash-3.7.0.tar.gz", hash = "sha256:6cc4eefbb542a5d6ffd6d70ea9c502957c925e800f998c5630ecc809d6702bae", size = 82022, upload-time = "2026-04-25T11:10:32.553Z" }
wheels = [
    { url = "https://files.pythonhosted.org/packages/0e/cc/431db584f6fbb9312e40a173af027644e5580d39df1f73603cbb9dca4d6b/xxhash-3.7.0-cp314-cp314-android_24_arm64_v8a.whl", hash = "sha256:8c5fcfd806c335bfa2adf1cd0b3110a44fc7b6995c3a648c27489bae85801465", size = 36644, upload-time = "2026-04-25T11:08:00.658Z" },
    { url = "https://files.pythonhosted.org/packages/bc/01/255ec513e0a705d1f9a61413e78dfce4e3235203f0ed525a24c2b4b56345/xxhash-3.7.0-cp314-cp314-android_24_x86_64.whl", hash = "sha256:506a0b488f190f0a06769575e30caf71615c898ed93ab18b0dbcb6dec5c3713c", size = 35003, upload-time = "2026-04-25T11:08:02.338Z" },
    { url = "https://files.pythonhosted.org/packages/68/70/c55fc33c93445b44d8fc5a17b41ed99e3cebe92bcf8396809e63fc9a1165/xxhash-3.7.0-cp314-cp314-ios_13_0_arm64_iphoneos.whl", hash = "sha256:ec68dbba21532c0173a9872298e65c89749f7c9d21538c3a78b5bb6105871568", size = 29655, upload-time = "2026-04-25T11:08:03.701Z" },
    { url = "https://files.pythonhosted.org/packages/c2/72/ff8de73df000d74467d12a59ce6d6e2b2a368b978d41ab7b1fba5ed442be/xxhash-3.7.0-cp314-cp314-ios_13_0_arm64_iphonesimulator.whl", hash = "sha256:fa77e7ec1450d415d20129961814787c9abd9a07f98872f070b1fe96c5084611", size = 30664, upload-time = "2026-04-25T11:08:05.011Z" },
    { url = "https://files.pythonhosted.org/packages/b6/91/08416d9bd9bc3bf39d831abe8a5631ac2db5141dfd6fe81c3fe59a1f9264/xxhash-3.7.0-cp314-cp314-ios_13_0_x86_64_iphonesimulator.whl", hash = "sha256:fe32736295ea38e43e7d9424053c8c47c9f64fecfc7c895fb3da9b30b131c9ee", size = 33317, upload-time = "2026-04-25T11:08:06.413Z" },
    { url = "https://files.pythonhosted.org/packages/0e/3b/86b1caa4dee10a99f4bf9521e623359341c5e50d05158fa10c275b2bd079/xxhash-3.7.0-cp314-cp314-macosx_10_15_x86_64.whl", hash = "sha256:ab9dd2c83c4bbd63e422181a76f13502d049d3ddcac9a1bdc29196263d692bb8", size = 33457, upload-time = "2026-04-25T11:08:08.099Z" },
    { url = "https://files.pythonhosted.org/packages/ed/38/98ea14ad1517e1461292a65906951458d520689782bfbae111050145bdba/xxhash-3.7.0-cp314-cp314-macosx_11_0_arm64.whl", hash = "sha256:3afec3a336a2286601a437cb07562ab0227685e6fbb9ec17e8c18457ff348ecf", size = 30894, upload-time = "2026-04-25T11:08:09.429Z" },
    { url = "https://files.pythonhosted.org/packages/61/a2/074654d0b893606541199993c7db70067d9fc63b748e0d60020a52a1bd36/xxhash-3.7.0-cp314-cp314-manylinux1_i686.manylinux_2_28_i686.manylinux_2_5_i686.whl", hash = "sha256:565df64437a9390f84465dcca33e7377114c7ede8d05cd2cf20081f831ea788e", size = 194409, upload-time = "2026-04-25T11:08:10.91Z" },
    { url = "https://files.pythonhosted.org/packages/e2/26/6d2a1afc468189f77ca28c32e1c83e1b9da1178231e05641dbc1b350e332/xxhash-3.7.0-cp314-cp314-manylinux2014_aarch64.manylinux_2_17_aarch64.manylinux_2_28_aarch64.whl", hash = "sha256:12eca820a5d558633d423bf8bb78ce72a55394823f64089247f788a7e0ae691e", size = 213135, upload-time = "2026-04-25T11:08:12.575Z" },
    { url = "https://files.pythonhosted.org/packages/8e/0e/d8aecf95e09c42547453137be74d2f7b8b14e08f5177fa2fab6144a19061/xxhash-3.7.0-cp314-cp314-manylinux2014_armv7l.manylinux_2_17_armv7l.manylinux_2_31_armv7l.whl", hash = "sha256:f262b8f7599516567e070abf607b9af649052b2c4bd6f9be02b0cb41b7024805", size = 236379, upload-time = "2026-04-25T11:08:14.206Z" },
    { url = "https://files.pythonhosted.org/packages/f2/74/8140e8210536b3dd0cc816c4faaeb5ba6e63e8125ab25af4bcddd6a037b3/xxhash-3.7.0-cp314-cp314-manylinux2014_ppc64le.manylinux_2_17_ppc64le.manylinux_2_28_ppc64le.whl", hash = "sha256:f1598916cb197681e03e601901e4ab96a9a963de398c59d0964f8a6f44a2b361", size = 212447, upload-time = "2026-04-25T11:08:15.79Z" },
    { url = "https://files.pythonhosted.org/packages/a0/d2/462001d2903b4bee5a5689598a0a55e5e7cd1ac7f4247a5545cff10d3ebb/xxhash-3.7.0-cp314-cp314-manylinux2014_s390x.manylinux_2_17_s390x.manylinux_2_28_s390x.whl", hash = "sha256:322b2f0622230f526aeb1738149948a7ae357a9e2ceb1383c6fd1fdaecdafa16", size = 445660, upload-time = "2026-04-25T11:08:17.441Z" },
    { url = "https://files.pythonhosted.org/packages/23/09/2bd1ed7f8689b20e51727952cac8329d50c694dc32b2eba06ba5bc742b37/xxhash-3.7.0-cp314-cp314-manylinux2014_x86_64.manylinux_2_17_x86_64.manylinux_2_28_x86_64.whl", hash = "sha256:24cc22070880cc57b830a65cde4e65fa884c6d9b28ae4803b5ee05911e7bafba", size = 194076, upload-time = "2026-04-25T11:08:19.134Z" },
    { url = "https://files.pythonhosted.org/packages/c9/6e/692302cd0a5f4ac4e6289f37fa888dc2e1e07750b68fe3e4bfe939b8cea3/xxhash-3.7.0-cp314-cp314-manylinux_2_31_riscv64.manylinux_2_39_riscv64.whl", hash = "sha256:cb5a888a968b2434abf9ecda357b5d43f10d7b5a6da6fdbbe036208473aff0e2", size = 284990, upload-time = "2026-04-25T11:08:20.618Z" },
    { url = "https://files.pythonhosted.org/packages/05/d9/e54b159b3d9df7999d2a7c676ce7b323d1b5588a64f8f51ed8172567bd87/xxhash-3.7.0-cp314-cp314-musllinux_1_2_aarch64.whl", hash = "sha256:a999771ff97bec27d18341be4f3a36b163bb1ac41ec17bef6d2dabd84acd33c7", size = 210590, upload-time = "2026-04-25T11:08:22.24Z" },
    { url = "https://files.pythonhosted.org/packages/50/93/0e0df1a3a196ced4ca71de76d65ead25d8e87bbfb87b64306ea47a40c00d/xxhash-3.7.0-cp314-cp314-musllinux_1_2_armv7l.whl", hash = "sha256:ed4a6efe2dee1655adb73e7ad40c6aa955a6892422b1e3b95de6a34de56e3cbb", size = 241442, upload-time = "2026-04-25T11:08:23.844Z" },
    { url = "https://files.pythonhosted.org/packages/9a/a9/d917a7a814e90b218f8a0d37967105eea91bf752c3303683c99a1f7bfc1f/xxhash-3.7.0-cp314-cp314-musllinux_1_2_i686.whl", hash = "sha256:9fd17f14ac0faa12126c2f9ca774a8cf342957265ec3c8669c144e5e6cdb478c", size = 198356, upload-time = "2026-04-25T11:08:25.99Z" },
    { url = "https://files.pythonhosted.org/packages/89/5e/f2ba1877c39469abbefc72991d6ebdcbd4c0880db01ae8cb1f553b0c537d/xxhash-3.7.0-cp314-cp314-musllinux_1_2_ppc64le.whl", hash = "sha256:05fd1254268c59b5cb2a029dfc204275e9fc52de2913f1e53aa8d01442c96b4d", size = 210898, upload-time = "2026-04-25T11:08:27.608Z" },
    { url = "https://files.pythonhosted.org/packages/90/c6/be56b58e73de531f39a10de1355bb77ceb663900dc4bf2d6d3002a9c3f9e/xxhash-3.7.0-cp314-cp314-musllinux_1_2_riscv64.whl", hash = "sha256:a2eae53197c6276d5b317f75a1be226bbf440c20b58bf525f36b5d0e1f657ca6", size = 275519, upload-time = "2026-04-25T11:08:29.301Z" },
    { url = "https://files.pythonhosted.org/packages/92/e2/17ddc85d5765b9c709f192009ed8f5a1fc876f4eb35bba7c307b5b1169f9/xxhash-3.7.0-cp314-cp314-musllinux_1_2_s390x.whl", hash = "sha256:bfe6f92e3522dcbe8c4281efd74fa7542a336cb00b0e3272c4ec0edabeaeaf67", size = 414191, upload-time = "2026-04-25T11:08:31.16Z" },
    { url = "https://files.pythonhosted.org/packages/9c/42/85f5b79f4bf1ec7ba052491164adfd4f4e9519f5dc7246de4fbd64a1bd56/xxhash-3.7.0-cp314-cp314-musllinux_1_2_x86_64.whl", hash = "sha256:7ab9a49c410d8c6c786ab99e79c529938d894c01433130353dd0fe999111077a", size = 191604, upload-time = "2026-04-25T11:08:32.862Z" },
    { url = "https://files.pythonhosted.org/packages/b8/d0/6127b623aa4cca18d8b7743592b048d689fd6c6e37ff26a22cddf6cd9d7f/xxhash-3.7.0-cp314-cp314-win32.whl", hash = "sha256:040ea63668f9185b92bc74942df09c7e65703deed71431333678fc6e739a9955", size = 31271, upload-time = "2026-04-25T11:08:34.651Z" },
    { url = "https://files.pythonhosted.org/packages/64/4f/44fc4788568004c43921701cbc127f48218a1eede2c9aea231115323564d/xxhash-3.7.0-cp314-cp314-win_amd64.whl", hash = "sha256:2a61e2a3fb23c892496d587b470dee7fa1b58b248a187719c65ea8e94ec13257", size = 32284, upload-time = "2026-04-25T11:08:35.987Z" },
    { url = "https://files.pythonhosted.org/packages/6d/77/18bb895eb60a49453d16e17d67990e5caff557c78eafc90ad4e2eabf4570/xxhash-3.7.0-cp314-cp314-win_arm64.whl", hash = "sha256:c7741c7524961d8c0cb4d4c21b28957ff731a3fd5b5cd8b856dc80a40e9e5acc", size = 28701, upload-time = "2026-04-25T11:08:37.767Z" },
    { url = "https://files.pythonhosted.org/packages/45/a0/46f72244570c550fbbb7db1ef554183dd5ebe9136385f30e032b781ae8f6/xxhash-3.7.0-cp314-cp314t-macosx_10_15_x86_64.whl", hash = "sha256:fc84bf7aa7592f31ec63a3e7b11d624f468a3f19f5238cec7282a42e838ab1d7", size = 33646, upload-time = "2026-04-25T11:08:39.109Z" },
    { url = "https://files.pythonhosted.org/packages/4a/3a/453846a7eceea11e75def361eed01ec6a0205b9822c19927ed364ccae7cc/xxhash-3.7.0-cp314-cp314t-macosx_11_0_arm64.whl", hash = "sha256:9f1563fdc8abfc389748e6932c7e4e99c89a53e4ec37d4563c24fc06f5e5644b", size = 31125, upload-time = "2026-04-25T11:08:40.467Z" },
    { url = "https://files.pythonhosted.org/packages/bd/3e/49434aba738885d512f9e486db1bdd19db28dfa40372b56da26ef7a4e738/xxhash-3.7.0-cp314-cp314t-manylinux1_i686.manylinux_2_28_i686.manylinux_2_5_i686.whl", hash = "sha256:2d415f18becf6f153046ab6adc97da77e3643a0ee205dae61c4012604113a020", size = 196633, upload-time = "2026-04-25T11:08:41.943Z" },
    { url = "https://files.pythonhosted.org/packages/a4/e9/006cb6127baeb9f8abe6d15e62faa01349f09b34e2bfd65175b2422d026b/xxhash-3.7.0-cp314-cp314t-manylinux2014_aarch64.manylinux_2_17_aarch64.manylinux_2_28_aarch64.whl", hash = "sha256:bb16aa13ed175bc9be5c2491ba031b85a9b51c4ed90e0b3d4ebe63cf3fb54f8e", size = 215899, upload-time = "2026-04-25T11:08:43.645Z" },
    { url = "https://files.pythonhosted.org/packages/27/e4/cc57d72e66df0ae29b914335f1c6dcf61e8f3746ddf0ae3c471aa4f15e00/xxhash-3.7.0-cp314-cp314t-manylinux2014_armv7l.manylinux_2_17_armv7l.manylinux_2_31_armv7l.whl", hash = "sha256:f9fd595f1e5941b3d7863e4774e4b30caa6731fc34b9277da032295aa5656ee5", size = 238116, upload-time = "2026-04-25T11:08:45.698Z" },
    { url = "https://files.pythonhosted.org/packages/af/78/3531d4a3fd8a0038cc6be1f265a69c1b3587f557a10b677dd736de2202c1/xxhash-3.7.0-cp314-cp314t-manylinux2014_ppc64le.manylinux_2_17_ppc64le.manylinux_2_28_ppc64le.whl", hash = "sha256:1295325c5a98d552333fa53dc2b026b0ef0ec9c8e73ca3a952990b4c7d65d459", size = 215012, upload-time = "2026-04-25T11:08:47.355Z" },
    { url = "https://files.pythonhosted.org/packages/b4/f6/259fb1eaaec921f59b17203b0daee69829761226d3b980d5191d7723dd83/xxhash-3.7.0-cp314-cp314t-manylinux2014_s390x.manylinux_2_17_s390x.manylinux_2_28_s390x.whl", hash = "sha256:3573a651d146912da9daa9e29e5fbc45994420daaa9ef1e2fa5823e1dc485513", size = 448534, upload-time = "2026-04-25T11:08:49.149Z" },
    { url = "https://files.pythonhosted.org/packages/7b/16/a66d0eaf6a7e68532c07714361ddc904c663ec940f3b028c1ae4a21a7b9d/xxhash-3.7.0-cp314-cp314t-manylinux2014_x86_64.manylinux_2_17_x86_64.manylinux_2_28_x86_64.whl", hash = "sha256:5ec1e080a3d02d94ea9335bfab0e3374b877e25411422c18f51a943fa4b46381", size = 196217, upload-time = "2026-04-25T11:08:50.805Z" },
    { url = "https://files.pythonhosted.org/packages/8d/ef/d2efc7fc51756dc52509109d1a25cefc859d74bc4b19a167b12dbd8c2786/xxhash-3.7.0-cp314-cp314t-manylinux_2_31_riscv64.manylinux_2_39_riscv64.whl", hash = "sha256:84415265192072d8638a3afc3c1bc5995e310570cd9acb54dc46d3939e364fe0", size = 286906, upload-time = "2026-04-25T11:08:52.418Z" },
    { url = "https://files.pythonhosted.org/packages/fc/67/25decd1d4a4018582ec4db2a868a2b7e40640f4adb20dfeb19ac923aa825/xxhash-3.7.0-cp314-cp314t-musllinux_1_2_aarch64.whl", hash = "sha256:8d4dea659b57443989ef32f4295104fd6912c73d0bf26d1d148bb88a9f159b02", size = 213057, upload-time = "2026-04-25T11:08:54.105Z" },
    { url = "https://files.pythonhosted.org/packages/0d/5d/17651eb29d06786cdc40c60ae3d27d645aa5d61d2eca6237a7ba0b94789b/xxhash-3.7.0-cp314-cp314t-musllinux_1_2_armv7l.whl", hash = "sha256:05ece0fe4d9c9c2728912d1981ae1566cfc83a011571b24732cbf76e1fb70dca", size = 243886, upload-time = "2026-04-25T11:08:56.109Z" },
    { url = "https://files.pythonhosted.org/packages/8a/d4/174d9cf7502243d586e6a9ae842b1ae23026620995114f85f1380e588bc9/xxhash-3.7.0-cp314-cp314t-musllinux_1_2_i686.whl", hash = "sha256:fd880353cf1ffaf321bc18dd663e111976dbd0d3bbd8a66d58d2b470dfa7f396", size = 201015, upload-time = "2026-04-25T11:08:57.777Z" },
    { url = "https://files.pythonhosted.org/packages/91/8c/2254e2d06c3ac5e6fe22eaf3da791b87ea823ae9f2c17b4af66755c5752d/xxhash-3.7.0-cp314-cp314t-musllinux_1_2_ppc64le.whl", hash = "sha256:4e15cc9e2817f6481160f930c62842b3ff419e20e13072bcbab12230943092bc", size = 213457, upload-time = "2026-04-25T11:08:59.826Z" },
    { url = "https://files.pythonhosted.org/packages/79/a2/e3daa762545921173e3360f3b4ff7fc63c2d27359f7230ec1a7a74e117f6/xxhash-3.7.0-cp314-cp314t-musllinux_1_2_riscv64.whl", hash = "sha256:90b9d1a8bd37d768ffc92a1f651ec69afc532a96fa1ac2ea7abbed5d630b3237", size = 277738, upload-time = "2026-04-25T11:09:01.423Z" },
    { url = "https://files.pythonhosted.org/packages/e1/4c/e186da2c46b87f5204640e008d42730bf3c1ee9f0efb71ae1ebcdfeac681/xxhash-3.7.0-cp314-cp314t-musllinux_1_2_s390x.whl", hash = "sha256:157c49475b34ecea8809e51123d9769a534e139d1247942f7a4bc67710bb2533", size = 417127, upload-time = "2026-04-25T11:09:03.592Z" },
    { url = "https://files.pythonhosted.org/packages/17/28/3798e15007a3712d0da3d3fe70f8e11916569858b5cc371053bc26270832/xxhash-3.7.0-cp314-cp314t-musllinux_1_2_x86_64.whl", hash = "sha256:5a6ddec83325685e729ca119d1f5c518ec39294212ecd770e60693cdc5f7eb79", size = 193962, upload-time = "2026-04-25T11:09:06.228Z" },
    { url = "https://files.pythonhosted.org/packages/ad/95/a26baa93b5241fd7630998816a4ec47a5a0bad193b3f8fc8f3593e1a4a67/xxhash-3.7.0-cp314-cp314t-win32.whl", hash = "sha256:a04a6cab47e2166435aaf5b9e5ee41d1532cc8300efdef87f2a4d0acb7db19ed", size = 31643, upload-time = "2026-04-25T11:09:08.153Z" },
    { url = "https://files.pythonhosted.org/packages/44/36/5454f13c447e395f9b06a3e91274c59f503d31fad84e1836efe3bdb71f6a/xxhash-3.7.0-cp314-cp314t-win_amd64.whl", hash = "sha256:8653dd7c2eda020545bb2c71c7f7039b53fe7434d0fc1a0a9deb79ab3f1a4fc1", size = 32522, upload-time = "2026-04-25T11:09:09.534Z" },
    { url = "https://files.pythonhosted.org/packages/74/35/698e7e3ff38e22992ea24870a511d8762474fb6783627a2910ff22a185c2/xxhash-3.7.0-cp314-cp314t-win_arm64.whl", hash = "sha256:468f0fc114faaa4b36699f8e328bbc3bb11dc418ba94ac52c26dd736d4b6c637", size = 28807, upload-time = "2026-04-25T11:09:11.234Z" },
]
