version = 1
revision = 3
requires-python = ">=3.14"

[[package]]
name = "blinker"
version = "1.9.0"
source = { registry = "https://pypi.org/simple" }
sdist = { url = "https://files.pythonhosted.org/packages/21/28/9b3f50ce0e048515135495f198351908d99540d69bfdc8c1d15b73dc55ce/blinker-1.9.0.tar.gz", hash = "sha256:b4ce2265a7abece45e7cc896e98dbebe6cead56bcf805a3d23136d145f5445bf", size = 22460, upload-time = "2024-11-08T17:25:47.436Z" }
wheels = [
    { url = "https://files.pythonhosted.org/packages/10/cb/f2ad4230dc2eb1a74edf38f1a38b9b52277f75bef262d8908e60d957e13c/blinker-1.9.0-py3-none-any.whl", hash = "sha256:ba0efaa9080b619ff2f3459d1d500c57bddea4a6b424b60a91141db6fd2f08bc", size = 8458, upload-time = "2024-11-08T17:25:46.184Z" },
]

[[package]]
name = "cachelib"
version = "0.14.0"
source = { registry = "https://pypi.org/simple" }
sdist = { url = "https://files.pythonhosted.org/packages/66/a5/5eb041dbee71766704d44cf5dfb6950ab018be0fd02cd763ade09869e33c/cachelib-0.14.0.tar.gz", hash = "sha256:73fedcadd0ba818fb2bb9f3c7cd5fcc2a71e86286f1842f55f28d500faee17f1", size = 170320, upload-time = "2026-05-09T16:16:02.896Z" }
wheels = [
    { url = "https://files.pythonhosted.org/packages/c7/0e/5493f2078dece836979f4e28e3b2066064a6d66691d4b0888efc7c62f702/cachelib-0.14.0-py3-none-any.whl", hash = "sha256:4671000b032baa8fac47ad19850f4f522785cee764b4e04c5cfe8955a18d67de", size = 22746, upload-time = "2026-05-09T16:16:01.68Z" },
]

[[package]]
name = "click"
version = "8.4.2"
source = { registry = "https://pypi.org/simple" }
dependencies = [
    { name = "colorama", marker = "sys_platform == 'win32'" },
]
sdist = { url = "https://files.pythonhosted.org/packages/76/d4/81420972a676e8ffea40450d8c8c92943e7218a78fe9b64359836cc9876b/click-8.4.2.tar.gz", hash = "sha256:9a6cea6e60b17ebe0a44c5cc636d94f09bd66142c1cd7d8b4cd731c4917a15f6", size = 338000, upload-time = "2026-06-24T17:45:15.148Z" }
wheels = [
    { url = "https://files.pythonhosted.org/packages/fb/e2/79c688af8b210d232694e31e59da9f6ec747bae31c3f5946e4e9b98860d5/click-8.4.2-py3-none-any.whl", hash = "sha256:e6f9f66136c816745b9d65817da91d61d957fb16e02e4dcd0552553c5a197b76", size = 119243, upload-time = "2026-06-24T17:45:13.73Z" },
]

[[package]]
name = "colorama"
version = "0.4.6"
source = { registry = "https://pypi.org/simple" }
sdist = { url = "https://files.pythonhosted.org/packages/d8/53/6f443c9a4a8358a93a6792e2acffb9d9d5cb0a5cfd8802644b7b1c9a02e4/colorama-0.4.6.tar.gz", hash = "sha256:08695f5cb7ed6e0531a20572697297273c47b8cae5a63ffc6d6ed5c201be6e44", size = 27697, upload-time = "2022-10-25T02:36:22.414Z" }
wheels = [
    { url = "https://files.pythonhosted.org/packages/d1/d6/3965ed04c63042e047cb6a3e6ed1a63a35087b6a609aa3a15ed8ac56c221/colorama-0.4.6-py2.py3-none-any.whl", hash = "sha256:4f1d9991f5acc0ca119f9d443620b77f9d6b33703e51011c16baf57afb285fc6", size = 25335, upload-time = "2022-10-25T02:36:20.889Z" },
]

[[package]]
name = "flask"
version = "3.1.3"
source = { registry = "https://pypi.org/simple" }
dependencies = [
    { name = "blinker" },
    { name = "click" },
    { name = "itsdangerous" },
    { name = "jinja2" },
    { name = "markupsafe" },
    { name = "werkzeug" },
]
sdist = { url = "https://files.pythonhosted.org/packages/26/00/35d85dcce6c57fdc871f3867d465d780f302a175ea360f62533f12b27e2b/flask-3.1.3.tar.gz", hash = "sha256:0ef0e52b8a9cd932855379197dd8f94047b359ca0a78695144304cb45f87c9eb", size = 759004, upload-time = "2026-02-19T05:00:57.678Z" }
wheels = [
    { url = "https://files.pythonhosted.org/packages/7f/9c/34f6962f9b9e9c71f6e5ed806e0d0ff03c9d1b0b2340088a0cf4bce09b18/flask-3.1.3-py3-none-any.whl", hash = "sha256:f4bcbefc124291925f1a26446da31a5178f9483862233b23c0c96a20701f670c", size = 103424, upload-time = "2026-02-19T05:00:56.027Z" },
]

[[package]]
name = "flask-caching"
version = "2.4.1"
source = { registry = "https://pypi.org/simple" }
dependencies = [
    { name = "cachelib" },
    { name = "flask" },
]
sdist = { url = "https://files.pythonhosted.org/packages/89/15/d2852e86419c6c1416cba00c177b2cf609b5c2935372933684f84111c631/flask_caching-2.4.1.tar.gz", hash = "sha256:ecef4ca80b9cb1fa01d461373a0fce441527cd57eecee1aa71c1f6d750d7ff77", size = 165380, upload-time = "2026-07-08T19:23:57.264Z" }
wheels = [
    { url = "https://files.pythonhosted.org/packages/bd/e3/ad7572c7f00b1286f2fc2a387f01b62bb46b59c5f91536093eae57889adb/flask_caching-2.4.1-py3-none-any.whl", hash = "sha256:5f5555d610ec1f230c8200ae00c1c723ee562f657c22f896b806f4689513b952", size = 28977, upload-time = "2026-07-08T19:23:55.68Z" },
]

[[package]]
name = "flask-minify"
version = "0.50"
source = { registry = "https://pypi.org/simple" }
dependencies = [
    { name = "flask" },
    { name = "htmlminf" },
    { name = "jsmin" },
    { name = "lesscpy" },
    { name = "rcssmin" },
    { name = "six" },
    { name = "xxhash" },
]
sdist = { url = "https://files.pythonhosted.org/packages/2d/e9/c4f799758e7e0e2eb0e50e1d56b7d082e3f278fffb8813e70cd792fab8e2/flask_minify-0.50.tar.gz", hash = "sha256:c1fd3e82cb41ed7507d3756008b74d1e56d5c9ddf81983a1a4d70874ffaeaa6d", size = 10644, upload-time = "2025-03-29T06:22:48.139Z" }
wheels = [
    { url = "https://files.pythonhosted.org/packages/54/db/dec3f8c08c6e4850933b1d3c3c21fa0321fb6660c2155e0abce81de20acb/Flask_Minify-0.50-py3-none-any.whl", hash = "sha256:682d7555ff961fdb0ce43cc2ed2a755df5c1306e74cd3a0ecc80ba9ebfb7e7b4", size = 12093, upload-time = "2025-03-29T06:22:46.58Z" },
]

[[package]]
name = "gunicorn"
version = "23.0.0"
source = { registry = "https://pypi.org/simple" }
dependencies = [
    { name = "packaging" },
]
sdist = { url = "https://files.pythonhosted.org/packages/34/72/9614c465dc206155d93eff0ca20d42e1e35afc533971379482de953521a4/gunicorn-23.0.0.tar.gz", hash = "sha256:f014447a0101dc57e294f6c18ca6b40227a4c90e9bdb586042628030cba004ec", size = 375031, upload-time = "2024-08-10T20:25:27.378Z" }
wheels = [
    { url = "https://files.pythonhosted.org/packages/cb/7d/6dac2a6e1eba33ee43f318edbed4ff29151a49b5d37f080aad1e6469bca4/gunicorn-23.0.0-py3-none-any.whl", hash = "sha256:ec400d38950de4dfd418cff8328b2c8faed0edb0d517d3394e457c317908ca4d", size = 85029, upload-time = "2024-08-10T20:25:24.996Z" },
]

[[package]]
name = "htmlminf"
version = "0.1.13"
source = { registry = "https://pypi.org/simple" }
sdist = { url = "https://files.pythonhosted.org/packages/1a/d8/f33d390160cd81977cfeba51eacd7ed624ae4c539fa6d5d4162c3479113d/htmlminf-0.1.13.tar.gz", hash = "sha256:371ee3caf1174b1af387925f3ac999cb7e63d203fdaea299119345e41561c5b2", size = 19437, upload-time = "2024-06-07T21:21:37.432Z" }
wheels = [
    { url = "https://files.pythonhosted.org/packages/ea/92/1915606b5eaabc13f00f00c55fc46c6a708b22e6a871db3fbbc787d8f203/htmlminf-0.1.13-py3-none-any.whl", hash = "sha256:a4948d0a9084e0846dce3c841a671616399eaa7427a4ed40a4622321837f4d59", size = 34515, upload-time = "2024-06-07T21:21:35.974Z" },
]

[[package]]
name = "itsdangerous"
version = "2.2.0"
source = { registry = "https://pypi.org/simple" }
sdist = { url = "https://files.pythonhosted.org/packages/9c/cb/8ac0172223afbccb63986cc25049b154ecfb5e85932587206f42317be31d/itsdangerous-2.2.0.tar.gz", hash = "sha256:e0050c0b7da1eea53ffaf149c0cfbb5c6e2e2b69c4bef22c81fa6eb73e5f6173", size = 54410, upload-time = "2024-04-16T21:28:15.614Z" }
wheels = [
    { url = "https://files.pythonhosted.org/packages/04/96/92447566d16df59b2a776c0fb82dbc4d9e07cd95062562af01e408583fc4/itsdangerous-2.2.0-py3-none-any.whl", hash = "sha256:c6242fc49e35958c8b15141343aa660db5fc54d4f13a1db01a3f5891b98700ef", size = 16234, upload-time = "2024-04-16T21:28:14.499Z" },
]

[[package]]
name = "jinja2"
version = "3.1.6"
source = { registry = "https://pypi.org/simple" }
dependencies = [
    { name = "markupsafe" },
]
sdist = { url = "https://files.pythonhosted.org/packages/df/bf/f7da0350254c0ed7c72f3e33cef02e048281fec7ecec5f032d4aac52226b/jinja2-3.1.6.tar.gz", hash = "sha256:0137fb05990d35f1275a587e9aee6d56da821fc83491a0fb838183be43f66d6d", size = 245115, upload-time = "2025-03-05T20:05:02.478Z" }
wheels = [
    { url = "https://files.pythonhosted.org/packages/62/a1/3d680cbfd5f4b8f15abc1d571870c5fc3e594bb582bc3b64ea099db13e56/jinja2-3.1.6-py3-none-any.whl", hash = "sha256:85ece4451f492d0c13c5dd7c13a64681a86afae63a5f347908daf103ce6d2f67", size = 134899, upload-time = "2025-03-05T20:05:00.369Z" },
]

[[package]]
name = "jsmin"
version = "3.0.1"
source = { registry = "https://pypi.org/simple" }
sdist = { url = "https://files.pythonhosted.org/packages/5e/73/e01e4c5e11ad0494f4407a3f623ad4d87714909f50b17a06ed121034ff6e/jsmin-3.0.1.tar.gz", hash = "sha256:c0959a121ef94542e807a674142606f7e90214a2b3d1eb17300244bbb5cc2bfc", size = 13925, upload-time = "2022-01-16T20:35:59.13Z" }

[[package]]
name = "lesscpy"
version = "0.15.1"
source = { registry = "https://pypi.org/simple" }
dependencies = [
    { name = "ply" },
]
sdist = { url = "https://files.pythonhosted.org/packages/9f/e4/a0aad58ca8e755a8192c975163847a1b712a7a6130b087248be24c07a316/lesscpy-0.15.1.tar.gz", hash = "sha256:1045d17a98f688646ca758dff254e6e9c03745648e051a081b0395c3b77c824c", size = 177240, upload-time = "2022-10-21T11:39:14.247Z" }
wheels = [
    { url = "https://files.pythonhosted.org/packages/2a/da/4a20ba69c9c71ce3d522da5a3c617254d1d1430b71f52b7d46dbf2c06b96/lesscpy-0.15.1-py2.py3-none-any.whl", hash = "sha256:8d26e58ed4812b345c2896daea435a28cb3182f87ae3391157085255d4c37dff", size = 46702, upload-time = "2022-10-21T11:36:56.742Z" },
]

[[package]]
name = "markupsafe"
version = "3.0.3"
source = { registry = "https://pypi.org/simple" }
sdist = { url = "https://files.pythonhosted.org/packages/7e/99/7690b6d4034fffd95959cbe0c02de8deb3098cc577c67bb6a24fe5d7caa7/markupsafe-3.0.3.tar.gz", hash = "sha256:722695808f4b6457b320fdc131280796bdceb04ab50fe1795cd540799ebe1698", size = 80313, upload-time = "2025-09-27T18:37:40.426Z" }
wheels = [
    { url = "https://files.pythonhosted.org/packages/33/8a/8e42d4838cd89b7dde187011e97fe6c3af66d8c044997d2183fbd6d31352/markupsafe-3.0.3-cp314-cp314-macosx_10_13_x86_64.whl", hash = "sha256:eaa9599de571d72e2daf60164784109f19978b327a3910d3e9de8c97b5b70cfe", size = 11619, upload-time = "2025-09-27T18:37:06.342Z" },
    { url = "https://files.pythonhosted.org/packages/b5/64/7660f8a4a8e53c924d0fa05dc3a55c9cee10bbd82b11c5afb27d44b096ce/markupsafe-3.0.3-cp314-cp314-macosx_11_0_arm64.whl", hash = "sha256:c47a551199eb8eb2121d4f0f15ae0f923d31350ab9280078d1e5f12b249e0026", size = 12029, upload-time = "2025-09-27T18:37:07.213Z" },
    { url = "https://files.pythonhosted.org/packages/da/ef/e648bfd021127bef5fa12e1720ffed0c6cbb8310c8d9bea7266337ff06de/markupsafe-3.0.3-cp314-cp314-manylinux2014_aarch64.manylinux_2_17_aarch64.manylinux_2_28_aarch64.whl", hash = "sha256:f34c41761022dd093b4b6896d4810782ffbabe30f2d443ff5f083e0cbbb8c737", size = 24408, upload-time = "2025-09-27T18:37:09.572Z" },
    { url = "https://files.pythonhosted.org/packages/41/3c/a36c2450754618e62008bf7435ccb0f88053e07592e6028a34776213d877/markupsafe-3.0.3-cp314-cp314-manylinux2014_x86_64.manylinux_2_17_x86_64.manylinux_2_28_x86_64.whl", hash = "sha256:457a69a9577064c05a97c41f4e65148652db078a3a509039e64d3467b9e7ef97", size = 23005, upload-time = "2025-09-27T18:37:10.58Z" },
    { url = "https://files.pythonhosted.org/packages/bc/20/b7fdf89a8456b099837cd1dc21974632a02a999ec9bf7ca3e490aacd98e7/markupsafe-3.0.3-cp314-cp314-manylinux_2_31_riscv64.manylinux_2_39_riscv64.whl", hash = "sha256:e8afc3f2ccfa24215f8cb28dcf43f0113ac3c37c2f0f0806d8c70e4228c5cf4d", size = 22048, upload-time = "2025-09-27T18:37:11.547Z" },
    { url = "https://files.pythonhosted.org/packages/9a/a7/591f592afdc734f47db08a75793a55d7fbcc6902a723ae4cfbab61010cc5/markupsafe-3.0.3-cp314-cp314-musllinux_1_2_aarch64.whl", hash = "sha256:ec15a59cf5af7be74194f7ab02d0f59a62bdcf1a537677ce67a2537c9b87fcda", size = 23821, upload-time = "2025-09-27T18:37:12.48Z" },
    { url = "https://files.pythonhosted.org/packages/7d/33/45b24e4f44195b26521bc6f1a82197118f74df348556594bd2262bda1038/markupsafe-3.0.3-cp314-cp314-musllinux_1_2_riscv64.whl", hash = "sha256:0eb9ff8191e8498cca014656ae6b8d61f39da5f95b488805da4bb029cccbfbaf", size = 21606, upload-time = "2025-09-27T18:37:13.485Z" },
    { url = "https://files.pythonhosted.org/packages/ff/0e/53dfaca23a69fbfbbf17a4b64072090e70717344c52eaaaa9c5ddff1e5f0/markupsafe-3.0.3-cp314-cp314-musllinux_1_2_x86_64.whl", hash = "sha256:2713baf880df847f2bece4230d4d094280f4e67b1e813eec43b4c0e144a34ffe", size = 23043, upload-time = "2025-09-27T18:37:14.408Z" },
    { url = "https://files.pythonhosted.org/packages/46/11/f333a06fc16236d5238bfe74daccbca41459dcd8d1fa952e8fbd5dccfb70/markupsafe-3.0.3-cp314-cp314-win32.whl", hash = "sha256:729586769a26dbceff69f7a7dbbf59ab6572b99d94576a5592625d5b411576b9", size = 14747, upload-time = "2025-09-27T18:37:15.36Z" },
    { url = "https://files.pythonhosted.org/packages/28/52/182836104b33b444e400b14f797212f720cbc9ed6ba34c800639d154e821/markupsafe-3.0.3-cp314-cp314-win_amd64.whl", hash = "sha256:bdc919ead48f234740ad807933cdf545180bfbe9342c2bb451556db2ed958581", size = 15341, upload-time = "2025-09-27T18:37:16.496Z" },
    { url = "https://files.pythonhosted.org/packages/6f/18/acf23e91bd94fd7b3031558b1f013adfa21a8e407a3fdb32745538730382/markupsafe-3.0.3-cp314-cp314-win_arm64.whl", hash = "sha256:5a7d5dc5140555cf21a6fefbdbf8723f06fcd2f63ef108f2854de715e4422cb4", size = 14073, upload-time = "2025-09-27T18:37:17.476Z" },
    { url = "https://files.pythonhosted.org/packages/3c/f0/57689aa4076e1b43b15fdfa646b04653969d50cf30c32a102762be2485da/markupsafe-3.0.3-cp314-cp314t-macosx_10_13_x86_64.whl", hash = "sha256:1353ef0c1b138e1907ae78e2f6c63ff67501122006b0f9abad68fda5f4ffc6ab", size = 11661, upload-time = "2025-09-27T18:37:18.453Z" },
    { url = "https://files.pythonhosted.org/packages/89/c3/2e67a7ca217c6912985ec766c6393b636fb0c2344443ff9d91404dc4c79f/markupsafe-3.0.3-cp314-cp314t-macosx_11_0_arm64.whl", hash = "sha256:1085e7fbddd3be5f89cc898938f42c0b3c711fdcb37d75221de2666af647c175", size = 12069, upload-time = "2025-09-27T18:37:19.332Z" },
    { url = "https://files.pythonhosted.org/packages/f0/00/be561dce4e6ca66b15276e184ce4b8aec61fe83662cce2f7d72bd3249d28/markupsafe-3.0.3-cp314-cp314t-manylinux2014_aarch64.manylinux_2_17_aarch64.manylinux_2_28_aarch64.whl", hash = "sha256:1b52b4fb9df4eb9ae465f8d0c228a00624de2334f216f178a995ccdcf82c4634", size = 25670, upload-time = "2025-09-27T18:37:20.245Z" },
    { url = "https://files.pythonhosted.org/packages/50/09/c419f6f5a92e5fadde27efd190eca90f05e1261b10dbd8cbcb39cd8ea1dc/markupsafe-3.0.3-cp314-cp314t-manylinux2014_x86_64.manylinux_2_17_x86_64.manylinux_2_28_x86_64.whl", hash = "sha256:fed51ac40f757d41b7c48425901843666a6677e3e8eb0abcff09e4ba6e664f50", size = 23598, upload-time = "2025-09-27T18:37:21.177Z" },
    { url = "https://files.pythonhosted.org/packages/22/44/a0681611106e0b2921b3033fc19bc53323e0b50bc70cffdd19f7d679bb66/markupsafe-3.0.3-cp314-cp314t-manylinux_2_31_riscv64.manylinux_2_39_riscv64.whl", hash = "sha256:f190daf01f13c72eac4efd5c430a8de82489d9cff23c364c3ea822545032993e", size = 23261, upload-time = "2025-09-27T18:37:22.167Z" },
    { url = "https://files.pythonhosted.org/packages/5f/57/1b0b3f100259dc9fffe780cfb60d4be71375510e435efec3d116b6436d43/markupsafe-3.0.3-cp314-cp314t-musllinux_1_2_aarch64.whl", hash = "sha256:e56b7d45a839a697b5eb268c82a71bd8c7f6c94d6fd50c3d577fa39a9f1409f5", size = 24835, upload-time = "2025-09-27T18:37:23.296Z" },
    { url = "https://files.pythonhosted.org/packages/26/6a/4bf6d0c97c4920f1597cc14dd720705eca0bf7c787aebc6bb4d1bead5388/markupsafe-3.0.3-cp314-cp314t-musllinux_1_2_riscv64.whl", hash = "sha256:f3e98bb3798ead92273dc0e5fd0f31ade220f59a266ffd8a4f6065e0a3ce0523", size = 22733, upload-time = "2025-09-27T18:37:24.237Z" },
    { url = "https://files.pythonhosted.org/packages/14/c7/ca723101509b518797fedc2fdf79ba57f886b4aca8a7d31857ba3ee8281f/markupsafe-3.0.3-cp314-cp314t-musllinux_1_2_x86_64.whl", hash = "sha256:5678211cb9333a6468fb8d8be0305520aa073f50d17f089b5b4b477ea6e67fdc", size = 23672, upload-time = "2025-09-27T18:37:25.271Z" },
    { url = "https://files.pythonhosted.org/packages/fb/df/5bd7a48c256faecd1d36edc13133e51397e41b73bb77e1a69deab746ebac/markupsafe-3.0.3-cp314-cp314t-win32.whl", hash = "sha256:915c04ba3851909ce68ccc2b8e2cd691618c4dc4c4232fb7982bca3f41fd8c3d", size = 14819, upload-time = "2025-09-27T18:37:26.285Z" },
    { url = "https://files.pythonhosted.org/packages/1a/8a/0402ba61a2f16038b48b39bccca271134be00c5c9f0f623208399333c448/markupsafe-3.0.3-cp314-cp314t-win_amd64.whl", hash = "sha256:4faffd047e07c38848ce017e8725090413cd80cbc23d86e55c587bf979e579c9", size = 15426, upload-time = "2025-09-27T18:37:27.316Z" },
    { url = "https://files.pythonhosted.org/packages/70/bc/6f1c2f612465f5fa89b95bead1f44dcb607670fd42891d8fdcd5d039f4f4/markupsafe-3.0.3-cp314-cp314t-win_arm64.whl", hash = "sha256:32001d6a8fc98c8cb5c947787c5d08b0a50663d139f1305bac5885d98d9b40fa", size = 14146, upload-time = "2025-09-27T18:37:28.327Z" },
]

[[package]]
name = "packaging"
version = "26.2"
source = { registry = "https://pypi.org/simple" }
sdist = { url = "https://files.pythonhosted.org/packages/d7/f1/e7a6dd94a8d4a5626c03e4e99c87f241ba9e350cd9e6d75123f992427270/packaging-26.2.tar.gz", hash = "sha256:ff452ff5a3e828ce110190feff1178bb1f2ea2281fa2075aadb987c2fb221661", size = 228134, upload-time = "2026-04-24T20:15:23.917Z" }
wheels = [
    { url = "https://files.pythonhosted.org/packages/df/b2/87e62e8c3e2f4b32e5fe99e0b86d576da1312593b39f47d8ceef365e95ed/packaging-26.2-py3-none-any.whl", hash = "sha256:5fc45236b9446107ff2415ce77c807cee2862cb6fac22b8a73826d0693b0980e", size = 100195, upload-time = "2026-04-24T20:15:22.081Z" },
]

[[package]]
name = "ply"
version = "3.11"
source = { registry = "https://pypi.org/simple" }
sdist = { url = "https://files.pythonhosted.org/packages/e5/69/882ee5c9d017149285cab114ebeab373308ef0f874fcdac9beb90e0ac4da/ply-3.11.tar.gz", hash = "sha256:00c7c1aaa88358b9c765b6d3000c6eec0ba42abca5351b095321aef446081da3", size = 159130, upload-time = "2018-02-15T19:01:31.097Z" }
wheels = [
    { url = "https://files.pythonhosted.org/packages/a3/58/35da89ee790598a0700ea49b2a66594140f44dec458c07e8e3d4979137fc/ply-3.11-py2.py3-none-any.whl", hash = "sha256:096f9b8350b65ebd2fd1346b12452efe5b9607f7482813ffca50c22722a807ce", size = 49567, upload-time = "2018-02-15T19:01:27.172Z" },
]

[[package]]
name = "portfolio-site"
version = "0.10.4"
source = { virtual = "." }
dependencies = [
    { name = "flask" },
    { name = "flask-caching" },
    { name = "flask-minify" },
    { name = "gunicorn" },
    { name = "pyyaml" },
    { name = "werkzeug" },
]

[package.metadata]
requires-dist = [
    { name = "flask", specifier = ">=3.1.1,<4.0.0" },
    { name = "flask-caching", specifier = ">=2.3.1,<3.0.0" },
    { name = "flask-minify", specifier = ">=0.50,<1.0.0" },
    { name = "gunicorn", specifier = ">=23.0.0,<24.0.0" },
    { name = "pyyaml", specifier = ">=6.0.2,<7.0.0" },
    { name = "werkzeug", specifier = ">=3.1.5,<4.0.0" },
]

[[package]]
name = "pyyaml"
version = "6.0.3"
source = { registry = "https://pypi.org/simple" }
sdist = { url = "https://files.pythonhosted.org/packages/05/8e/961c0007c59b8dd7729d542c61a4d537767a59645b82a0b521206e1e25c2/pyyaml-6.0.3.tar.gz", hash = "sha256:d76623373421df22fb4cf8817020cbb7ef15c725b9d5e45f17e189bfc384190f", size = 130960, upload-time = "2025-09-25T21:33:16.546Z" }
wheels = [
    { url = "https://files.pythonhosted.org/packages/9d/8c/f4bd7f6465179953d3ac9bc44ac1a8a3e6122cf8ada906b4f96c60172d43/pyyaml-6.0.3-cp314-cp314-macosx_10_13_x86_64.whl", hash = "sha256:8d1fab6bb153a416f9aeb4b8763bc0f22a5586065f86f7664fc23339fc1c1fac", size = 181814, upload-time = "2025-09-25T21:32:35.712Z" },
    { url = "https://files.pythonhosted.org/packages/bd/9c/4d95bb87eb2063d20db7b60faa3840c1b18025517ae857371c4dd55a6b3a/pyyaml-6.0.3-cp314-cp314-macosx_11_0_arm64.whl", hash = "sha256:34d5fcd24b8445fadc33f9cf348c1047101756fd760b4dacb5c3e99755703310", size = 173809, upload-time = "2025-09-25T21:32:36.789Z" },
    { url = "https://files.pythonhosted.org/packages/92/b5/47e807c2623074914e29dabd16cbbdd4bf5e9b2db9f8090fa64411fc5382/pyyaml-6.0.3-cp314-cp314-manylinux2014_aarch64.manylinux_2_17_aarch64.manylinux_2_28_aarch64.whl", hash = "sha256:501a031947e3a9025ed4405a168e6ef5ae3126c59f90ce0cd6f2bfc477be31b7", size = 766454, upload-time = "2025-09-25T21:32:37.966Z" },
    { url = "https://files.pythonhosted.org/packages/02/9e/e5e9b168be58564121efb3de6859c452fccde0ab093d8438905899a3a483/pyyaml-6.0.3-cp314-cp314-manylinux2014_s390x.manylinux_2_17_s390x.manylinux_2_28_s390x.whl", hash = "sha256:b3bc83488de33889877a0f2543ade9f70c67d66d9ebb4ac959502e12de895788", size = 836355, upload-time = "2025-09-25T21:32:39.178Z" },
    { url = "https://files.pythonhosted.org/packages/88/f9/16491d7ed2a919954993e48aa941b200f38040928474c9e85ea9e64222c3/pyyaml-6.0.3-cp314-cp314-manylinux2014_x86_64.manylinux_2_17_x86_64.manylinux_2_28_x86_64.whl", hash = "sha256:c458b6d084f9b935061bc36216e8a69a7e293a2f1e68bf956dcd9e6cbcd143f5", size = 794175, upload-time = "2025-09-25T21:32:40.865Z" },
    { url = "https://files.pythonhosted.org/packages/dd/3f/5989debef34dc6397317802b527dbbafb2b4760878a53d4166579111411e/pyyaml-6.0.3-cp314-cp314-musllinux_1_2_aarch64.whl", hash = "sha256:7c6610def4f163542a622a73fb39f534f8c101d690126992300bf3207eab9764", size = 755228, upload-time = "2025-09-25T21:32:42.084Z" },
    { url = "https://files.pythonhosted.org/packages/d7/ce/af88a49043cd2e265be63d083fc75b27b6ed062f5f9fd6cdc223ad62f03e/pyyaml-6.0.3-cp314-cp314-musllinux_1_2_x86_64.whl", hash = "sha256:5190d403f121660ce8d1d2c1bb2ef1bd05b5f68533fc5c2ea899bd15f4399b35", size = 789194, upload-time = "2025-09-25T21:32:43.362Z" },
    { url = "https://files.pythonhosted.org/packages/23/20/bb6982b26a40bb43951265ba29d4c246ef0ff59c9fdcdf0ed04e0687de4d/pyyaml-6.0.3-cp314-cp314-win_amd64.whl", hash = "sha256:4a2e8cebe2ff6ab7d1050ecd59c25d4c8bd7e6f400f5f82b96557ac0abafd0ac", size = 156429, upload-time = "2025-09-25T21:32:57.844Z" },
    { url = "https://files.pythonhosted.org/packages/f4/f4/a4541072bb9422c8a883ab55255f918fa378ecf083f5b85e87fc2b4eda1b/pyyaml-6.0.3-cp314-cp314-win_arm64.whl", hash = "sha256:93dda82c9c22deb0a405ea4dc5f2d0cda384168e466364dec6255b293923b2f3", size = 143912, upload-time = "2025-09-25T21:32:59.247Z" },
    { url = "https://files.pythonhosted.org/packages/7c/f9/07dd09ae774e4616edf6cda684ee78f97777bdd15847253637a6f052a62f/pyyaml-6.0.3-cp314-cp314t-macosx_10_13_x86_64.whl", hash = "sha256:02893d100e99e03eda1c8fd5c441d8c60103fd175728e23e431db1b589cf5ab3", size = 189108, upload-time = "2025-09-25T21:32:44.377Z" },
    { url = "https://files.pythonhosted.org/packages/4e/78/8d08c9fb7ce09ad8c38ad533c1191cf27f7ae1effe5bb9400a46d9437fcf/pyyaml-6.0.3-cp314-cp314t-macosx_11_0_arm64.whl", hash = "sha256:c1ff362665ae507275af2853520967820d9124984e0f7466736aea23d8611fba", size = 183641, upload-time = "2025-09-25T21:32:45.407Z" },
    { url = "https://files.pythonhosted.org/packages/7b/5b/3babb19104a46945cf816d047db2788bcaf8c94527a805610b0289a01c6b/pyyaml-6.0.3-cp314-cp314t-manylinux2014_aarch64.manylinux_2_17_aarch64.manylinux_2_28_aarch64.whl", hash = "sha256:6adc77889b628398debc7b65c073bcb99c4a0237b248cacaf3fe8a557563ef6c", size = 831901, upload-time = "2025-09-25T21:32:48.83Z" },
    { url = "https://files.pythonhosted.org/packages/8b/cc/dff0684d8dc44da4d22a13f35f073d558c268780ce3c6ba1b87055bb0b87/pyyaml-6.0.3-cp314-cp314t-manylinux2014_s390x.manylinux_2_17_s390x.manylinux_2_28_s390x.whl", hash = "sha256:a80cb027f6b349846a3bf6d73b5e95e782175e52f22108cfa17876aaeff93702", size = 861132, upload-time = "2025-09-25T21:32:50.149Z" },
    { url = "https://files.pythonhosted.org/packages/b1/5e/f77dc6b9036943e285ba76b49e118d9ea929885becb0a29ba8a7c75e29fe/pyyaml-6.0.3-cp314-cp314t-manylinux2014_x86_64.manylinux_2_17_x86_64.manylinux_2_28_x86_64.whl", hash = "sha256:00c4bdeba853cc34e7dd471f16b4114f4162dc03e6b7afcc2128711f0eca823c", size = 839261, upload-time = "2025-09-25T21:32:51.808Z" },
    { url = "https://files.pythonhosted.org/packages/ce/88/a9db1376aa2a228197c58b37302f284b5617f56a5d959fd1763fb1675ce6/pyyaml-6.0.3-cp314-cp314t-musllinux_1_2_aarch64.whl", hash = "sha256:66e1674c3ef6f541c35191caae2d429b967b99e02040f5ba928632d9a7f0f065", size = 805272, upload-time = "2025-09-25T21:32:52.941Z" },
    { url = "https://files.pythonhosted.org/packages/da/92/1446574745d74df0c92e6aa4a7b0b3130706a4142b2d1a5869f2eaa423c6/pyyaml-6.0.3-cp314-cp314t-musllinux_1_2_x86_64.whl", hash = "sha256:16249ee61e95f858e83976573de0f5b2893b3677ba71c9dd36b9cf8be9ac6d65", size = 829923, upload-time = "2025-09-25T21:32:54.537Z" },
    { url = "https://files.pythonhosted.org/packages/f0/7a/1c7270340330e575b92f397352af856a8c06f230aa3e76f86b39d01b416a/pyyaml-6.0.3-cp314-cp314t-win_amd64.whl", hash = "sha256:4ad1906908f2f5ae4e5a8ddfce73c320c2a1429ec52eafd27138b7f1cbe341c9", size = 174062, upload-time = "2025-09-25T21:32:55.767Z" },
    { url = "https://files.pythonhosted.org/packages/f1/12/de94a39c2ef588c7e6455cfbe7343d3b2dc9d6b6b2f40c4c6565744c873d/pyyaml-6.0.3-cp314-cp314t-win_arm64.whl", hash = "sha256:ebc55a14a21cb14062aa4162f906cd962b28e2e9ea38f9b4391244cd8de4ae0b", size = 149341, upload-time = "2025-09-25T21:32:56.828Z" },
]

[[package]]
name = "rcssmin"
version = "1.2.2"
source = { registry = "https://pypi.org/simple" }
sdist = { url = "https://files.pythonhosted.org/packages/81/af/c9654b4f9b054ec163ed7cb20d8db0e5ae05e2e9ce99a4c11d91a2180b3f/rcssmin-1.2.2.tar.gz", hash = "sha256:806986eaf7414545edc28a1d29523e9560e49e151ff4a337d9d1f0271d6e1cc4", size = 587012, upload-time = "2025-10-12T10:48:08.932Z" }
wheels = [
    { url = "https://files.pythonhosted.org/packages/a0/40/9c4cb3133f6d4ddfbeada76988a10ff2a974706fd6fcbb97edd8c0f4cc76/rcssmin-1.2.2-cp314-cp314-manylinux1_i686.whl", hash = "sha256:540dd3aa586b5f8f4c4b90db37e6a31c04718cdf90dbe9bec43c3b4dd50519e7", size = 49032, upload-time = "2025-10-12T10:48:53.014Z" },
    { url = "https://files.pythonhosted.org/packages/07/84/a411a48fd4179a88c68a2ad3649b408fa7887a421d3435c10ae6f5724e3a/rcssmin-1.2.2-cp314-cp314-manylinux1_x86_64.whl", hash = "sha256:6ea38a38eec263858b70bed6715478dcfed7fbc5d63333a8c512631ee22baad9", size = 49497, upload-time = "2025-10-12T10:48:54.009Z" },
    { url = "https://files.pythonhosted.org/packages/a1/32/5663a71a9304e0c9f33b765264508229d026359cfff746e1d0a593d809ea/rcssmin-1.2.2-cp314-cp314-manylinux2014_aarch64.whl", hash = "sha256:07dc7d352e8eb08de82fc4c545dd04f9f487466c8370051e0bee4eb1e4dc85d0", size = 50382, upload-time = "2025-10-12T10:48:55.079Z" },
    { url = "https://files.pythonhosted.org/packages/d7/28/e411eb191ffff7bd712f2eb0f691cb7ca514b1876d6bff2f5ae61359b8db/rcssmin-1.2.2-cp314-cp314-musllinux_1_2_aarch64.whl", hash = "sha256:cdccb0e08281f0dd5d463c16ec61a06bd1534de50206dc72918be3c10dcb82e5", size = 50962, upload-time = "2025-10-12T10:48:56.494Z" },
    { url = "https://files.pythonhosted.org/packages/fb/3f/cdb99526d294c5dd4b919dc4ef492b7bd11e08b585d15ec641dfb9423493/rcssmin-1.2.2-cp314-cp314-musllinux_1_2_i686.whl", hash = "sha256:2b6d5e2e2fd65738d57ef65aaaed2cff2288eccff7f704bf3d579e6f451cb60a", size = 52504, upload-time = "2025-10-12T10:48:57.886Z" },
    { url = "https://files.pythonhosted.org/packages/e8/60/a8183401fa64e93e1d52b2cdf275a2c11e0993f5f3162c573a67872b535d/rcssmin-1.2.2-cp314-cp314-musllinux_1_2_x86_64.whl", hash = "sha256:7018d4197713c7797d1a67ed47ab53d4706c2e9ed134123c30a47d389dda5386", size = 50561, upload-time = "2025-10-12T10:48:58.935Z" },
    { url = "https://files.pythonhosted.org/packages/47/5e/496d6c9c309e2fe79e6a69f25f7a6d18f545edb4ea3584f461b9f84b0d60/rcssmin-1.2.2-cp314-cp314t-manylinux1_i686.whl", hash = "sha256:0162c32ce946978edc834d4fba705ac5f9422d7f556f3264cc4fc67c7ee39171", size = 51214, upload-time = "2025-10-12T10:49:00.021Z" },
    { url = "https://files.pythonhosted.org/packages/5e/78/87da6706d5856ceee71421ba831d2f5d93c3e6865acfbb56ace8d54587cc/rcssmin-1.2.2-cp314-cp314t-manylinux1_x86_64.whl", hash = "sha256:f17dc92553a46412c49f972f0ab31088032b9482a9c421bc2d39691a5d8842aa", size = 51608, upload-time = "2025-10-12T10:49:01.422Z" },
    { url = "https://files.pythonhosted.org/packages/cd/6c/204b0262c11ac2da2b8df2d8fed76f1959273fbc8376450d0ac022d754b7/rcssmin-1.2.2-cp314-cp314t-manylinux2014_aarch64.whl", hash = "sha256:40c7dfba098bbd129d8c35dd8b604275585f9dc0496e5d17dbe7fd6b873b0233", size = 53349, upload-time = "2025-10-12T10:49:02.512Z" },
    { url = "https://files.pythonhosted.org/packages/c3/7b/9aae16756d3f33cbc512760ba3e69c3856a51aa293e463f2ca97760d1b1b/rcssmin-1.2.2-cp314-cp314t-musllinux_1_2_aarch64.whl", hash = "sha256:d0197fab78ebbe33f5df9caf2572ef2d44bbe243a9130881a0c5c53ba03641fa", size = 53066, upload-time = "2025-10-12T10:49:03.589Z" },
    { url = "https://files.pythonhosted.org/packages/4e/18/b06fadfa9b85e486bb1571050217cb539c062d1ae4cd32b1a31c36f67fd4/rcssmin-1.2.2-cp314-cp314t-musllinux_1_2_i686.whl", hash = "sha256:19e53c58768369366fdaef00da59f275f724f229994ea885309df6ca368ff3c8", size = 54271, upload-time = "2025-10-12T10:49:04.735Z" },
    { url = "https://files.pythonhosted.org/packages/79/55/f29ce21f8e5a1f3c19d43b67b907268d227b7edcda2ca200ca0028734a5e/rcssmin-1.2.2-cp314-cp314t-musllinux_1_2_x86_64.whl", hash = "sha256:8d3de1a870e00d157f3a7b1797498fdc09a3774629079572350f75783bb94b9a", size = 52423, upload-time = "2025-10-12T10:49:06.04Z" },
]

[[package]]
name = "six"
version = "1.17.0"
source = { registry = "https://pypi.org/simple" }
sdist = { url = "https://files.pythonhosted.org/packages/94/e7/b2c673351809dca68a0e064b6af791aa332cf192da575fd474ed7d6f16a2/six-1.17.0.tar.gz", hash = "sha256:ff70335d468e7eb6ec65b95b99d3a2836546063f63acc5171de367e834932a81", size = 34031, upload-time = "2024-12-04T17:35:28.174Z" }
wheels = [
    { url = "https://files.pythonhosted.org/packages/b7/ce/149a00dd41f10bc29e5921b496af8b574d8413afcd5e30dfa0ed46c2cc5e/six-1.17.0-py2.py3-none-any.whl", hash = "sha256:4721f391ed90541fddacab5acf947aa0d3dc7d27b2e1e8eda2be8970586c3274", size = 11050, upload-time = "2024-12-04T17:35:26.475Z" },
]

[[package]]
name = "werkzeug"
version = "3.1.8"
source = { registry = "https://pypi.org/simple" }
dependencies = [
    { name = "markupsafe" },
]
sdist = { url = "https://files.pythonhosted.org/packages/dd/b2/381be8cfdee792dd117872481b6e378f85c957dd7c5bca38897b08f765fd/werkzeug-3.1.8.tar.gz", hash = "sha256:9bad61a4268dac112f1c5cd4630a56ede601b6ed420300677a869083d70a4c44", size = 875852, upload-time = "2026-04-02T18:49:14.268Z" }
wheels = [
    { url = "https://files.pythonhosted.org/packages/93/8c/2e650f2afeb7ee576912636c23ddb621c91ac6a98e66dc8d29c3c69446e1/werkzeug-3.1.8-py3-none-any.whl", hash = "sha256:63a77fb8892bf28ebc3178683445222aa500e48ebad5ec77b0ad80f8726b1f50", size = 226459, upload-time = "2026-04-02T18:49:12.72Z" },
]

[[package]]
name = "xxhash"
version = "3.8.1"
source = { registry = "https://pypi.org/simple" }
sdist = { url = "https://files.pythonhosted.org/packages/8e/63/71aa56b151a1b28770037a61bd4e461c2619cfc8866a4fcaf1548605e325/xxhash-3.8.1.tar.gz", hash = "sha256:b0de4bf3aa66363552d52c6a89003c479911f12098cd48a53d44a0f7a25f7c46", size = 86223, upload-time = "2026-07-06T10:49:58.937Z" }
wheels = [
    { url = "https://files.pythonhosted.org/packages/c2/8b/df2ba04f22a6cd6b39f96a6577329a8471a55c90ef8d8e2f7c102363613f/xxhash-3.8.1-cp314-cp314-android_24_arm64_v8a.whl", hash = "sha256:9db455cb649dcfe4504d6d68a6d83a7315a99a3ca59871dc3ff840671f99adba", size = 38430, upload-time = "2026-07-06T10:46:31.496Z" },
    { url = "https://files.pythonhosted.org/packages/b2/4f/6a059e8ad3ca8deedc91dfe335b211204900895152212c03ebbe721de68b/xxhash-3.8.1-cp314-cp314-android_24_x86_64.whl", hash = "sha256:affb37f152e55b5e4494bb9d0107f7bb08515c6704fbed82d9f61214d74adc17", size = 36558, upload-time = "2026-07-06T10:46:33.078Z" },
    { url = "https://files.pythonhosted.org/packages/cb/95/40be178205acce092ae418feb20ac737b32a02c7b864926ed0717354c9f8/xxhash-3.8.1-cp314-cp314-ios_13_0_arm64_iphoneos.whl", hash = "sha256:460261045936975193bfd20549a0de1cd52a33b405cbb972f0d80940c42266cd", size = 31181, upload-time = "2026-07-06T10:46:34.793Z" },
    { url = "https://files.pythonhosted.org/packages/3f/89/2da4dbf051bafa156c0e3f12012db2b0ac3b84ff37ca1f021f6bfffcdfbb/xxhash-3.8.1-cp314-cp314-ios_13_0_arm64_iphonesimulator.whl", hash = "sha256:38c887aedb696ef8bca19983206d270848558cfae4a91afa6a2fb05dde58ffc5", size = 32192, upload-time = "2026-07-06T10:46:36.393Z" },
    { url = "https://files.pythonhosted.org/packages/7c/4e/e000bbae3566bc8e0be771a8a0f294aa99075e3f0bc4ef43922ebffdebc8/xxhash-3.8.1-cp314-cp314-ios_13_0_x86_64_iphonesimulator.whl", hash = "sha256:594131ce1aad18db3689781f806db1b065cdaa04f4df36b4c038d2013aefd0bf", size = 34691, upload-time = "2026-07-06T10:46:38.1Z" },
    { url = "https://files.pythonhosted.org/packages/b4/4a/ea954aacc7d1c8711880ac2b55da94429a9b4296b151c4fc0966549ca1ee/xxhash-3.8.1-cp314-cp314-macosx_10_15_x86_64.whl", hash = "sha256:78c794b643d214f1522e7a288bcf5a2de120d26cd170516749a4009dc92722c9", size = 34807, upload-time = "2026-07-06T10:46:39.647Z" },
    { url = "https://files.pythonhosted.org/packages/ca/29/df598e738ff37558ac627264deb2e560902d9bf7f46d3bd5175c9eee593e/xxhash-3.8.1-cp314-cp314-macosx_11_0_arm64.whl", hash = "sha256:af0c9fedc4a2c24e8664953882fe8185f3790b8338c9c700f76f5ad660817711", size = 32410, upload-time = "2026-07-06T10:46:41.359Z" },
    { url = "https://files.pythonhosted.org/packages/59/9c/81ab40e7d33ada0b3df5d1bc884894d15dbf4f805cd645b685e4606bb8e0/xxhash-3.8.1-cp314-cp314-manylinux1_i686.manylinux_2_28_i686.manylinux_2_5_i686.whl", hash = "sha256:115772daeb71b2f3b9381177017f53e6cf3f3439c840737fdabd21aba6e54920", size = 220564, upload-time = "2026-07-06T10:46:43.463Z" },
    { url = "https://files.pythonhosted.org/packages/fd/6f/62ae6f5c8606320a0e2a41c2dc8c6d91cc5d63d0f84dd9582e9543779dd8/xxhash-3.8.1-cp314-cp314-manylinux2014_aarch64.manylinux_2_17_aarch64.manylinux_2_28_aarch64.whl", hash = "sha256:000435984a0469b0f822fe76f35bddea0f96a4d6521b3339a60a6428cdee1edc", size = 241462, upload-time = "2026-07-06T10:46:45.509Z" },
    { url = "https://files.pythonhosted.org/packages/15/a1/9c3a0ec6cb524396f551eddd102a76690a795494eb9784fc67542b0daa37/xxhash-3.8.1-cp314-cp314-manylinux2014_armv7l.manylinux_2_17_armv7l.manylinux_2_31_armv7l.whl", hash = "sha256:2f1c68394818e0595569c2ff3cbc1e6d5a36a434e796f5c526b987b80c8a8c62", size = 264491, upload-time = "2026-07-06T10:46:47.655Z" },
    { url = "https://files.pythonhosted.org/packages/64/f2/700a4674e4308eb59d2fdb973977e82eae231bea5044753fee5c9eec0e0c/xxhash-3.8.1-cp314-cp314-manylinux2014_ppc64le.manylinux_2_17_ppc64le.manylinux_2_28_ppc64le.whl", hash = "sha256:46b39976d008e2a845758650f0ff7136bca004f40da0c8798bd37ac37860154f", size = 242905, upload-time = "2026-07-06T10:46:49.857Z" },
    { url = "https://files.pythonhosted.org/packages/f3/8a/72d9874375c8d4cbc64a8cd1d659d5695a8765c3db82efa82dc5bd9f14d0/xxhash-3.8.1-cp314-cp314-manylinux2014_s390x.manylinux_2_17_s390x.manylinux_2_28_s390x.whl", hash = "sha256:d5006c65ec507a333479e76e00e2c368781f16c24ededa764763956b32a0e93e", size = 473873, upload-time = "2026-07-06T10:46:51.953Z" },
    { url = "https://files.pythonhosted.org/packages/03/f0/6db07590ed7e0a77f186ef0bcea8d52553bf1ba57833e09467a2411f0f2d/xxhash-3.8.1-cp314-cp314-manylinux2014_x86_64.manylinux_2_17_x86_64.manylinux_2_28_x86_64.whl", hash = "sha256:c31a2649bcf1fe97cf11c79848d761df33ac46b3896942d31b640557b486ff6b", size = 220765, upload-time = "2026-07-06T10:46:55.41Z" },
    { url = "https://files.pythonhosted.org/packages/8f/10/00d12d8b8beabbf49a8bbc626fb9f40445145a8887eb41a6acfb69149ac4/xxhash-3.8.1-cp314-cp314-manylinux_2_31_riscv64.manylinux_2_39_riscv64.whl", hash = "sha256:8f759eed402448c2bdbb492e4fba1f20668ffe29688605ea61f0f67f9e4e386d", size = 310478, upload-time = "2026-07-06T10:46:57.729Z" },
    { url = "https://files.pythonhosted.org/packages/1f/f9/12a82394eefb0f185d15a7f7b9f627c61c475a72dd83718436a5b84b42ac/xxhash-3.8.1-cp314-cp314-musllinux_1_2_aarch64.whl", hash = "sha256:7b5f97ecfede10d5b2870383620e2d25c8561e217c7bf9081073802b54248d2b", size = 238393, upload-time = "2026-07-06T10:46:59.87Z" },
    { url = "https://files.pythonhosted.org/packages/20/f3/53f963e320b9ce678337aa7273f39ce692ded8b99e3d22a866ec722159ab/xxhash-3.8.1-cp314-cp314-musllinux_1_2_armv7l.whl", hash = "sha256:1da930bbcac3e8fbe2191850e2abb57977a99348c12c4b385e1058ac1b0a9ecc", size = 268704, upload-time = "2026-07-06T10:47:01.806Z" },
    { url = "https://files.pythonhosted.org/packages/0a/50/5b5badbd87c82d9f9b5f58ac74a3f29ef08f6fc387b324b8fd482450b862/xxhash-3.8.1-cp314-cp314-musllinux_1_2_i686.whl", hash = "sha256:747476436f6891b9773374ce8d48edcc8b12cb5b61b67c6fb6289633747d088f", size = 225015, upload-time = "2026-07-06T10:47:03.784Z" },
    { url = "https://files.pythonhosted.org/packages/30/93/3ca68265afe7b4e69435e08a7b6a1d9d0f2a071e889da1f8041ed00fe878/xxhash-3.8.1-cp314-cp314-musllinux_1_2_ppc64le.whl", hash = "sha256:4ef09bbc2519a93cd0f95f2ceb5f7b85919dffea643278e02362bf40e3c4bed1", size = 240951, upload-time = "2026-07-06T10:47:05.816Z" },
    { url = "https://files.pythonhosted.org/packages/dd/a6/27e19670c40f46b5e76e11f2f4713d21054804568425d870670e757172ad/xxhash-3.8.1-cp314-cp314-musllinux_1_2_riscv64.whl", hash = "sha256:a5eed9d41995a83f3332b4e3396abb7f433cac584222bd7e305b606d8353861e", size = 300751, upload-time = "2026-07-06T10:47:07.95Z" },
    { url = "https://files.pythonhosted.org/packages/bc/fb/b33e27689959fe7ed2ae0b830af41560d65213943983afa9db3a8d481bce/xxhash-3.8.1-cp314-cp314-musllinux_1_2_s390x.whl", hash = "sha256:53f3ed9118397074ff63a79b66b7fec1c84c782eecde35c5bc94e420a971c231", size = 443480, upload-time = "2026-07-06T10:47:10Z" },
    { url = "https://files.pythonhosted.org/packages/26/60/0e0d973be5fe280753ef02fbc89349492ad6e903bf1dcb870b668f94b662/xxhash-3.8.1-cp314-cp314-musllinux_1_2_x86_64.whl", hash = "sha256:d247b34bf433c92b41689318fd25d246313cab2275a6a47e2efac178b80d6efe", size = 217657, upload-time = "2026-07-06T10:47:12.196Z" },
    { url = "https://files.pythonhosted.org/packages/ad/68/c9e3ecef4a9a417d464cb5bd200aa12f73192dee677901b9e08e0ad0d1bb/xxhash-3.8.1-cp314-cp314-win32.whl", hash = "sha256:d58ce8b6cfa9c4d2f230557f69caf7c06369e318015d0b19485095bc2c5963ab", size = 32690, upload-time = "2026-07-06T10:47:14.204Z" },
    { url = "https://files.pythonhosted.org/packages/d7/99/e9e44588c0b62837bbec5ba7927816de0afa03406b1a0b6c7a7e1d1a30a0/xxhash-3.8.1-cp314-cp314-win_amd64.whl", hash = "sha256:6cee733fe4ccb1737e0997135283c82341e5cfa9cf214b165f9087fb663aaf4f", size = 33460, upload-time = "2026-07-06T10:47:16.021Z" },
    { url = "https://files.pythonhosted.org/packages/45/2b/64f36d86380b3657ad9031967ab814f3ef31307174650853f69c18932ebc/xxhash-3.8.1-cp314-cp314-win_arm64.whl", hash = "sha256:58346024d47e84f7d8b3e7f5d6faa1d58acbbe49a8771497872059f58c1d8ea5", size = 30092, upload-time = "2026-07-06T10:47:17.81Z" },
    { url = "https://files.pythonhosted.org/packages/92/cb/18b64bff88c58a0ca209dc533e63cf02d7ae5aa6b1b9a9fd14e81b5dbd60/xxhash-3.8.1-cp314-cp314t-macosx_10_15_x86_64.whl", hash = "sha256:01cab782f8a0a05ecad2c63d7ef10f7ab475f660e0d6419d069418c14d88de7c", size = 35024, upload-time = "2026-07-06T10:47:19.821Z" },
    { url = "https://files.pythonhosted.org/packages/af/1d/72d8a70520e5dcddb472ea0486d299da3240745a10658290cd7b5690ede2/xxhash-3.8.1-cp314-cp314t-macosx_11_0_arm64.whl", hash = "sha256:717b12fdc51819833704e85e6926d76981ffa3f780ef92e33ebb8b26d46bb230", size = 32697, upload-time = "2026-07-06T10:47:21.649Z" },
    { url = "https://files.pythonhosted.org/packages/9c/b8/e041f555903c56db3d0a731b3d72a6575d75e0ed868b1bd2e5176111ca44/xxhash-3.8.1-cp314-cp314t-manylinux1_i686.manylinux_2_28_i686.manylinux_2_5_i686.whl", hash = "sha256:ec55d80e9b8a519d742669e0b49e8ce9e6747be42bf3c138158b6543a9c8e489", size = 226044, upload-time = "2026-07-06T10:47:23.612Z" },
    { url = "https://files.pythonhosted.org/packages/3a/7e/5cdcf06bf6ec4b5d2ac073feb23432ec1d603fd438864cbd2c09c7cb45e1/xxhash-3.8.1-cp314-cp314t-manylinux2014_aarch64.manylinux_2_17_aarch64.manylinux_2_28_aarch64.whl", hash = "sha256:98d8ac1129b4dd39098cffed94d1284aceb61c3aa396757ccc736ac392e4cee5", size = 249899, upload-time = "2026-07-06T10:47:25.812Z" },
    { url = "https://files.pythonhosted.org/packages/c0/c0/eb7e059cb5e1dba11fd30d2fdf882f56e5a417a3eaa43669d43623767f45/xxhash-3.8.1-cp314-cp314t-manylinux2014_armv7l.manylinux_2_17_armv7l.manylinux_2_31_armv7l.whl", hash = "sha256:3bc0fa90830df1e1277f33cc6e55de9990b83c0319fd8c7412866cfde38b025e", size = 274892, upload-time = "2026-07-06T10:47:27.931Z" },
    { url = "https://files.pythonhosted.org/packages/66/74/a600aaf7cd39957fd1510adeedb1749c1e7eb82bd632a1153d9c664c3135/xxhash-3.8.1-cp314-cp314t-manylinux2014_ppc64le.manylinux_2_17_ppc64le.manylinux_2_28_ppc64le.whl", hash = "sha256:c73b6f652f0745425aa6378319c331293b5341756262e9408ed3d45f183375e6", size = 252243, upload-time = "2026-07-06T10:47:30.288Z" },
    { url = "https://files.pythonhosted.org/packages/ad/04/78d88fa75a6763e5d09bf1b947a392a27988903381b219006f92f3c68fc8/xxhash-3.8.1-cp314-cp314t-manylinux2014_s390x.manylinux_2_17_s390x.manylinux_2_28_s390x.whl", hash = "sha256:f6114692261eff4266386cdec0f7d87eee24e317ab397c218b7ae6a76b4c6339", size = 482191, upload-time = "2026-07-06T10:47:32.45Z" },
    { url = "https://files.pythonhosted.org/packages/7f/06/07a8aea1108d682de8791ce608cdf367d75ff4e7e57cd3c154bdc6f47b23/xxhash-3.8.1-cp314-cp314t-manylinux2014_x86_64.manylinux_2_17_x86_64.manylinux_2_28_x86_64.whl", hash = "sha256:4df57c0b161ec1b3ed0526a67b0db0914b557e86ee8aae51887aec941b261542", size = 226877, upload-time = "2026-07-06T10:47:34.705Z" },
    { url = "https://files.pythonhosted.org/packages/ed/b5/86bade5618a524d2c06c4041aa2fe8e5749ce16e88afba60d67c1684a21f/xxhash-3.8.1-cp314-cp314t-manylinux_2_31_riscv64.manylinux_2_39_riscv64.whl", hash = "sha256:9043877a917be88ccf230aa5667c1bd059bce80f4c2727e4defa1b29b7f48b08", size = 319794, upload-time = "2026-07-06T10:47:37.08Z" },
    { url = "https://files.pythonhosted.org/packages/23/69/9b1a2b89b1621bb740fbcb7beb512f60f99480c1bdc680c0c90e1f56ff75/xxhash-3.8.1-cp314-cp314t-musllinux_1_2_aarch64.whl", hash = "sha256:559e3cabe522231909f9de98ef06929edbd53782046bd21aae0c72db6f2a0775", size = 246202, upload-time = "2026-07-06T10:47:39.676Z" },
    { url = "https://files.pythonhosted.org/packages/08/ea/662ed6cb49f1d34078b6a3a3e0f3d29ff93fd7b5a03c0bc9ecfd9b2159c3/xxhash-3.8.1-cp314-cp314t-musllinux_1_2_armv7l.whl", hash = "sha256:264710bd335016f303763ce1275c6486df30bb57c2245c91b224c983d7ac39b8", size = 275628, upload-time = "2026-07-06T10:47:41.99Z" },
    { url = "https://files.pythonhosted.org/packages/13/f5/49fc9e4c6728a5a3bd8fe639199d2fa67609b3a84f938aff6e8568dd3e4f/xxhash-3.8.1-cp314-cp314t-musllinux_1_2_i686.whl", hash = "sha256:e14800b9b10bb39d7a60ad4a310e403164d7b8988a27ae933d4e40618a44088e", size = 231390, upload-time = "2026-07-06T10:47:44.233Z" },
    { url = "https://files.pythonhosted.org/packages/64/9d/3acaf8f599c0e0b30e910a3a11ba32929da53c86dc73c7c55fe6a010b4e9/xxhash-3.8.1-cp314-cp314t-musllinux_1_2_ppc64le.whl", hash = "sha256:ea6a3e734b0fd41b82784a400be946821900daebe610c050a5e0760838a34f99", size = 250600, upload-time = "2026-07-06T10:47:47.611Z" },
    { url = "https://files.pythonhosted.org/packages/23/64/8acab4c5ec60dbe664b5b9858fd44c2413b07e535b09556a0a5022e78aa6/xxhash-3.8.1-cp314-cp314t-musllinux_1_2_riscv64.whl", hash = "sha256:cf399fac542a1c7a4734a435b93df2c55e858c7d31abf6c1bdf46f9ae67fbfd0", size = 310032, upload-time = "2026-07-06T10:47:49.88Z" },
    { url = "https://files.pythonhosted.org/packages/56/47/a0288d7329b1fe63e2734a32d19d444a96ae2b4810f545bc61e561224917/xxhash-3.8.1-cp314-cp314t-musllinux_1_2_s390x.whl", hash = "sha256:44c89d915a75c11d2547eaee9098fcd80398987c4bff2974a0497a925bf92c07", size = 448882, upload-time = "2026-07-06T10:47:52.631Z" },
    { url = "https://files.pythonhosted.org/packages/01/e7/3071dfd3beb5c38204ce1cf56bf7749fce08de900fa92714b81d1d8ca1f2/xxhash-3.8.1-cp314-cp314t-musllinux_1_2_x86_64.whl", hash = "sha256:358650d5bda9c635da699c53adf4e8134af492ecc79c960f917eebf088bb6799", size = 223728, upload-time = "2026-07-06T10:47:55.093Z" },
    { url = "https://files.pythonhosted.org/packages/12/11/b99949f0ba2b07e9f9ffe83b9c86faa685f9080725dc21a916a607313be5/xxhash-3.8.1-cp314-cp314t-win32.whl", hash = "sha256:c240939e963653054fc7e4a17c382829cda4aa88a7daf0af841715dbded1b497", size = 33150, upload-time = "2026-07-06T10:47:57.274Z" },
    { url = "https://files.pythonhosted.org/packages/54/1c/09703eb341f8416e74e58d6c6732d4b5c46de59c942363203cb237cc95b0/xxhash-3.8.1-cp314-cp314t-win_amd64.whl", hash = "sha256:7258ee276e8772599bc19e14b36f6260306e21b637190cd7cb489a2449d48684", size = 34005, upload-time = "2026-07-06T10:47:59.434Z" },
    { url = "https://files.pythonhosted.org/packages/d6/f9/6ed7251bb6a8af10ac73b1821c60583d2826e5b2064e45a979c935287c98/xxhash-3.8.1-cp314-cp314t-win_arm64.whl", hash = "sha256:8f454166c2ffed45636c8d501741e649851ba2f346c4eb73a64c07ac00428f20", size = 30239, upload-time = "2026-07-06T10:48:01.874Z" },
]
